// !$*UTF8*$!
{
	archiveVersion = 1;
	classes = {
	};
	objectVersion = 51;
	objects = {

/* Begin PBXBuildFile section */
		6A41063EAC8E5809883AFEAF /* Pods_Shot_TrackerTests.framework in Frameworks */ = {isa = PBXBuildFile; fileRef = 8766E54477EFA0FD39529B59 /* Pods_Shot_TrackerTests.framework */; };
		94591E74093479D23B50C5C9 /* Pods_Shot_TrackerUITests.framework in Frameworks */ = {isa = PBXBuildFile; fileRef = 90E65C000D84B683037F3F78 /* Pods_Shot_TrackerUITests.framework */; };
		BE059DB822EF451B00AEC3C4 /* new_game_settings_gif.gif in Resources */ = {isa = PBXBuildFile; fileRef = BE059DB722EF451B00AEC3C4 /* new_game_settings_gif.gif */; };
		BE059DBA22EF452400AEC3C4 /* old_stats_analytical_view_gif.gif in Resources */ = {isa = PBXBuildFile; fileRef = BE059DB922EF452400AEC3C4 /* old_stats_analytical_view_gif.gif */; };
		BE059DBC22EF452B00AEC3C4 /* old_stats_change_goalie_gif.gif in Resources */ = {isa = PBXBuildFile; fileRef = BE059DBB22EF452A00AEC3C4 /* old_stats_change_goalie_gif.gif */; };
		BE059DBE22EF453000AEC3C4 /* old_stats_marker_details_gif.gif in Resources */ = {isa = PBXBuildFile; fileRef = BE059DBD22EF453000AEC3C4 /* old_stats_marker_details_gif.gif */; };
		BE0C1F9A22886DFD000C2177 /* Settings_Subscriptions_View_Controller.swift in Sources */ = {isa = PBXBuildFile; fileRef = BE0C1F9922886DFD000C2177 /* Settings_Subscriptions_View_Controller.swift */; };
		BE0C7B74220156530018E434 /* Edit_Team_Info_Page.swift in Sources */ = {isa = PBXBuildFile; fileRef = BE0C7B73220156520018E434 /* Edit_Team_Info_Page.swift */; };
		BE0C7B762201576B0018E434 /* Team_Selection_View.swift in Sources */ = {isa = PBXBuildFile; fileRef = BE0C7B752201576B0018E434 /* Team_Selection_View.swift */; };
		BE12DE5C228740BE0071BC17 /* Realm.framework in Frameworks */ = {isa = PBXBuildFile; fileRef = BE12DE5B228740BE0071BC17 /* Realm.framework */; };
		BE12DE5D228740BE0071BC17 /* Realm.framework in Embed Frameworks */ = {isa = PBXBuildFile; fileRef = BE12DE5B228740BE0071BC17 /* Realm.framework */; settings = {ATTRIBUTES = (CodeSignOnCopy, RemoveHeadersOnCopy, ); }; };
		BE12DE5F228740C10071BC17 /* RealmSwift.framework in Frameworks */ = {isa = PBXBuildFile; fileRef = BE12DE5E228740C10071BC17 /* RealmSwift.framework */; };
		BE12DE60228740C10071BC17 /* RealmSwift.framework in Embed Frameworks */ = {isa = PBXBuildFile; fileRef = BE12DE5E228740C10071BC17 /* RealmSwift.framework */; settings = {ATTRIBUTES = (CodeSignOnCopy, RemoveHeadersOnCopy, ); }; };
		BE12DE62228744B80071BC17 /* customSettingCell.swift in Sources */ = {isa = PBXBuildFile; fileRef = BE12DE61228744B80071BC17 /* customSettingCell.swift */; };
		BE13E29022737E41005782A5 /* customOverallStatsCell.swift in Sources */ = {isa = PBXBuildFile; fileRef = BE13E28F22737E41005782A5 /* customOverallStatsCell.swift */; };
		BE1F4D2E2278D96F00D8B4F3 /* customCurrentStatsCell.swift in Sources */ = {isa = PBXBuildFile; fileRef = BE1F4D2D2278D96F00D8B4F3 /* customCurrentStatsCell.swift */; };
		BE1F4D302278E26C00D8B4F3 /* Main_Game_Stats_View_Controller.swift in Sources */ = {isa = PBXBuildFile; fileRef = BE1F4D2F2278E26C00D8B4F3 /* Main_Game_Stats_View_Controller.swift */; };
		BE1F4D322278E42300D8B4F3 /* Detailed_Current_Stats_View_Controller.swift in Sources */ = {isa = PBXBuildFile; fileRef = BE1F4D312278E42300D8B4F3 /* Detailed_Current_Stats_View_Controller.swift */; };
		BE235BDC22E3798C002BFDC2 /* New Game Tutorial Goal View Controller.swift in Sources */ = {isa = PBXBuildFile; fileRef = BE235BDB22E3798C002BFDC2 /* New Game Tutorial Goal View Controller.swift */; };
		BE235BDE22E3799C002BFDC2 /* New Game Tutorial Penalty View Controller.swift in Sources */ = {isa = PBXBuildFile; fileRef = BE235BDD22E3799C002BFDC2 /* New Game Tutorial Penalty View Controller.swift */; };
		BE235BE022E379AE002BFDC2 /* New Game Tutorial Faceoff View Controller.swift in Sources */ = {isa = PBXBuildFile; fileRef = BE235BDF22E379AE002BFDC2 /* New Game Tutorial Faceoff View Controller.swift */; };
		BE27918122E6790300CE40EC /* goal_gif.gif in Resources */ = {isa = PBXBuildFile; fileRef = BE27918022E6790300CE40EC /* goal_gif.gif */; };
		BE27918322E6790800CE40EC /* shot_gif.gif in Resources */ = {isa = PBXBuildFile; fileRef = BE27918222E6790800CE40EC /* shot_gif.gif */; };
		BE27918522E6790D00CE40EC /* penalty_gif.gif in Resources */ = {isa = PBXBuildFile; fileRef = BE27918422E6790D00CE40EC /* penalty_gif.gif */; };
		BE27918722E6791200CE40EC /* faceoff_gif.gif in Resources */ = {isa = PBXBuildFile; fileRef = BE27918622E6791200CE40EC /* faceoff_gif.gif */; };
		BE341F2322BB16D200F8D2A3 /* Faceoff View Controller.swift in Sources */ = {isa = PBXBuildFile; fileRef = BE341F2222BB16D200F8D2A3 /* Faceoff View Controller.swift */; };
		BE3EF902229A45EF00CCBB2A /* CloudKit.framework in Frameworks */ = {isa = PBXBuildFile; fileRef = BE3EF901229A45EF00CCBB2A /* CloudKit.framework */; };
		BE4E8E70226CEDC20046D710 /* Settings_Legal_View Controller.swift in Sources */ = {isa = PBXBuildFile; fileRef = BE4E8E6F226CEDC20046D710 /* Settings_Legal_View Controller.swift */; };
		BE52370C226A5BB8009D9254 /* Main Settings Page View Controller.swift in Sources */ = {isa = PBXBuildFile; fileRef = BE52370B226A5BB8009D9254 /* Main Settings Page View Controller.swift */; };
		BE52370E226A5CFB009D9254 /* Settings_Backup View Controller.swift in Sources */ = {isa = PBXBuildFile; fileRef = BE52370D226A5CFB009D9254 /* Settings_Backup View Controller.swift */; };
		BE523710226A75DF009D9254 /* Settings_Defaults View Controller.swift in Sources */ = {isa = PBXBuildFile; fileRef = BE52370F226A75DF009D9254 /* Settings_Defaults View Controller.swift */; };
		BE5584BE21E7AB8700C44D42 /* New_Game_Page.swift in Sources */ = {isa = PBXBuildFile; fileRef = BE5584BD21E7AB8700C44D42 /* New_Game_Page.swift */; };
		BE57ACDB228756F800AD2054 /* StoreKit.framework in Frameworks */ = {isa = PBXBuildFile; fileRef = BE57ACDA228756F800AD2054 /* StoreKit.framework */; };
		BE57F26822DB7281001A81F9 /* Localizable.strings in Resources */ = {isa = PBXBuildFile; fileRef = BE57F26A22DB7281001A81F9 /* Localizable.strings */; };
		BE6163F422EB3EAD00C61BA8 /* Penalty Info View Controller.swift in Sources */ = {isa = PBXBuildFile; fileRef = BE6163F322EB3EAD00C61BA8 /* Penalty Info View Controller.swift */; };
		BE669DC5226E53EA00E2C5E7 /* Initial_Setup_Page_Controller.swift in Sources */ = {isa = PBXBuildFile; fileRef = BE669DC4226E53EA00E2C5E7 /* Initial_Setup_Page_Controller.swift */; };
		BE669DC7226E5AC100E2C5E7 /* Initial_Setup_FInish_Page_ViewController.swift in Sources */ = {isa = PBXBuildFile; fileRef = BE669DC6226E5AC100E2C5E7 /* Initial_Setup_FInish_Page_ViewController.swift */; };
		BE669DC9226E6B3F00E2C5E7 /* Initial_Setup_Team_Add_View_Controller.swift in Sources */ = {isa = PBXBuildFile; fileRef = BE669DC8226E6B3F00E2C5E7 /* Initial_Setup_Team_Add_View_Controller.swift */; };
		BE669DCB226F842A00E2C5E7 /* Initial_Setup_Player_Add_View Controller.swift in Sources */ = {isa = PBXBuildFile; fileRef = BE669DCA226F842A00E2C5E7 /* Initial_Setup_Player_Add_View Controller.swift */; };
		BE6AD1E522FA4F470052D053 /* Coach_Assistant_Legal.pdf in Resources */ = {isa = PBXBuildFile; fileRef = BE6AD1E422FA4F460052D053 /* Coach_Assistant_Legal.pdf */; };
		BE6AD1E722FA4F560052D053 /* help_guide_iPad.gif in Resources */ = {isa = PBXBuildFile; fileRef = BE6AD1E622FA4F560052D053 /* help_guide_iPad.gif */; };
		BE6F1E142274B44000673062 /* Settings_About_View_Controller.swift in Sources */ = {isa = PBXBuildFile; fileRef = BE6F1E132274B44000673062 /* Settings_About_View_Controller.swift */; };
		BE73191121FA8B81004A3BC5 /* Shot_Location_View.swift in Sources */ = {isa = PBXBuildFile; fileRef = BE73191021FA8B81004A3BC5 /* Shot_Location_View.swift */; };
		BE78E82A22375CEA00B339AE /* Current_Stats_Ananlytical_View:.swift in Sources */ = {isa = PBXBuildFile; fileRef = BE78E82922375CEA00B339AE /* Current_Stats_Ananlytical_View:.swift */; };
		BE7A69502307411600905F4C /* Main.storyboard in Resources */ = {isa = PBXBuildFile; fileRef = BE7A694F2307411600905F4C /* Main.storyboard */; };
		BE7D697821E3D74300C1745C /* AppDelegate.swift in Sources */ = {isa = PBXBuildFile; fileRef = BE7D697721E3D74300C1745C /* AppDelegate.swift */; };
		BE7D697A21E3D74300C1745C /* Home_Page_View_Controller.swift in Sources */ = {isa = PBXBuildFile; fileRef = BE7D697921E3D74300C1745C /* Home_Page_View_Controller.swift */; };
		BE7D697F21E3D74500C1745C /* Assets.xcassets in Resources */ = {isa = PBXBuildFile; fileRef = BE7D697E21E3D74500C1745C /* Assets.xcassets */; };
		BE7D698221E3D74500C1745C /* LaunchScreen.storyboard in Resources */ = {isa = PBXBuildFile; fileRef = BE7D698021E3D74500C1745C /* LaunchScreen.storyboard */; };
		BE7D698D21E3D74500C1745C /* Shot_TrackerTests.swift in Sources */ = {isa = PBXBuildFile; fileRef = BE7D698C21E3D74500C1745C /* Shot_TrackerTests.swift */; };
		BE7D699821E3D74500C1745C /* Shot_TrackerUITests.swift in Sources */ = {isa = PBXBuildFile; fileRef = BE7D699721E3D74500C1745C /* Shot_TrackerUITests.swift */; };
		BE8F88B6227747260087ED88 /* varReference.swift in Sources */ = {isa = PBXBuildFile; fileRef = BE8F88B5227747260087ED88 /* varReference.swift */; };
		BE8FB54422037BF8008BD343 /* Old_Stats_View.swift in Sources */ = {isa = PBXBuildFile; fileRef = BE8FB54322037BF8008BD343 /* Old_Stats_View.swift */; };
		BE9016B622469E45006ECE5B /* Default Team Selection View.swift in Sources */ = {isa = PBXBuildFile; fileRef = BE9016B522469E45006ECE5B /* Default Team Selection View.swift */; };
		BE90D25C223C2FEA00228621 /* Old Stats Type Pop Up.swift in Sources */ = {isa = PBXBuildFile; fileRef = BE90D25B223C2FEA00228621 /* Old Stats Type Pop Up.swift */; };
		BE90D25E223C300300228621 /* Overall Player Stats View.swift in Sources */ = {isa = PBXBuildFile; fileRef = BE90D25D223C300300228621 /* Overall Player Stats View.swift */; };
		BE913A482233740500080081 /* Old Game Ice View.swift in Sources */ = {isa = PBXBuildFile; fileRef = BE913A472233740500080081 /* Old Game Ice View.swift */; };
		BE92E0212274E1AB00B95209 /* Penalty_Popup_View_Controller.swift in Sources */ = {isa = PBXBuildFile; fileRef = BE92E0202274E1AB00B95209 /* Penalty_Popup_View_Controller.swift */; };
		BE96E4BB2232E1D9000C0684 /* Import Pop Up View.swift in Sources */ = {isa = PBXBuildFile; fileRef = BE96E4BA2232E1D9000C0684 /* Import Pop Up View.swift */; };
		BEA08C952215F00A00B6D73B /* Add_Team_Page.swift in Sources */ = {isa = PBXBuildFile; fileRef = BEA08C942215F00A00B6D73B /* Add_Team_Page.swift */; };
		BEA08C972215F05200B6D73B /* Add_Player_Page.swift in Sources */ = {isa = PBXBuildFile; fileRef = BEA08C962215F05200B6D73B /* Add_Player_Page.swift */; };
		BEA1CE3D2243F46200DA8EEE /* Old Stats Goalie Selection View.swift in Sources */ = {isa = PBXBuildFile; fileRef = BEA1CE3C2243F46200DA8EEE /* Old Stats Goalie Selection View.swift */; };
		BEA611152301B9C300161FC2 /* help_guide_iPad.pdf in Resources */ = {isa = PBXBuildFile; fileRef = BEA611142301B9C300161FC2 /* help_guide_iPad.pdf */; };
		BEAD9B1E230B41810040AFE2 /* LockerRoom View Controller.swift in Sources */ = {isa = PBXBuildFile; fileRef = BEAD9B1D230B41810040AFE2 /* LockerRoom View Controller.swift */; };
		BEAD9B20230B59380040AFE2 /* Player Stats View Controller.swift in Sources */ = {isa = PBXBuildFile; fileRef = BEAD9B1F230B59380040AFE2 /* Player Stats View Controller.swift */; };
		BEAD9B22230B59540040AFE2 /* Locker Room Old Stats View Controller.swift in Sources */ = {isa = PBXBuildFile; fileRef = BEAD9B21230B59540040AFE2 /* Locker Room Old Stats View Controller.swift */; };
		BEAD9B26230B59A20040AFE2 /* Locker Room UIPageController.swift in Sources */ = {isa = PBXBuildFile; fileRef = BEAD9B25230B59A20040AFE2 /* Locker Room UIPageController.swift */; };
		BEB3E53D22B4746F00AC7035 /* In Game Settings ViewController.swift in Sources */ = {isa = PBXBuildFile; fileRef = BEB3E53C22B4746F00AC7035 /* In Game Settings ViewController.swift */; };
		BEB71900220A192B00DA6399 /* Basic_Current_Stats_Page.swift in Sources */ = {isa = PBXBuildFile; fileRef = BEB718FF220A192B00DA6399 /* Basic_Current_Stats_Page.swift */; };
		BEB7CBD4221F1F60001D5A81 /* New Game Basic Info Page.swift in Sources */ = {isa = PBXBuildFile; fileRef = BEB7CBD3221F1F60001D5A81 /* New Game Basic Info Page.swift */; };
		BEBB0676227215BD001DDD61 /* Initial_Setup_More_Info_View_Controller.swift in Sources */ = {isa = PBXBuildFile; fileRef = BEBB0675227215BD001DDD61 /* Initial_Setup_More_Info_View_Controller.swift */; };
		BEBCC1B623105D5E00AEAE71 /* New Game Table.swift in Sources */ = {isa = PBXBuildFile; fileRef = BEBCC1B523105D5E00AEAE71 /* New Game Table.swift */; };
		BEBCC1B823105D8800AEAE71 /* Faceoff Info Table.swift in Sources */ = {isa = PBXBuildFile; fileRef = BEBCC1B723105D8800AEAE71 /* Faceoff Info Table.swift */; };
		BEBCC1BA23105D9E00AEAE71 /* Goal Marker Table.swift in Sources */ = {isa = PBXBuildFile; fileRef = BEBCC1B923105D9E00AEAE71 /* Goal Marker Table.swift */; };
		BEBCC1BC23105DBC00AEAE71 /* Overall Stats Table.swift in Sources */ = {isa = PBXBuildFile; fileRef = BEBCC1BB23105DBC00AEAE71 /* Overall Stats Table.swift */; };
		BEBCC1C023105DF600AEAE71 /* Penalty Table.swift in Sources */ = {isa = PBXBuildFile; fileRef = BEBCC1BF23105DF600AEAE71 /* Penalty Table.swift */; };
		BEBCC1C223105E1900AEAE71 /* Player Info Table.swift in Sources */ = {isa = PBXBuildFile; fileRef = BEBCC1C123105E1900AEAE71 /* Player Info Table.swift */; };
		BEBCC1C423105E2D00AEAE71 /* Shot Marker Table.swift in Sources */ = {isa = PBXBuildFile; fileRef = BEBCC1C323105E2D00AEAE71 /* Shot Marker Table.swift */; };
		BEBCC1C623105E4400AEAE71 /* Team Info Table.swift in Sources */ = {isa = PBXBuildFile; fileRef = BEBCC1C523105E4400AEAE71 /* Team Info Table.swift */; };
		BECD070922EF9200004A808D /* customTeamStatsCell.swift in Sources */ = {isa = PBXBuildFile; fileRef = BECD070822EF9200004A808D /* customTeamStatsCell.swift */; };
		BECF547C2288F08400710519 /* Help_Guide_View_Controller.swift in Sources */ = {isa = PBXBuildFile; fileRef = BECF547B2288F08400710519 /* Help_Guide_View_Controller.swift */; };
		BED34AE8228863B200791B95 /* GoogleService-Info.plist in Resources */ = {isa = PBXBuildFile; fileRef = BED34AE7228863B200791B95 /* GoogleService-Info.plist */; };
		BED5478F22E89C8B002AA13B /* New Game Tutorial Menu Options View Controller.swift in Sources */ = {isa = PBXBuildFile; fileRef = BED5478E22E89C8B002AA13B /* New Game Tutorial Menu Options View Controller.swift */; };
		BED5479222E89FF4002AA13B /* Main Old Stats Ice Tutorial.swift in Sources */ = {isa = PBXBuildFile; fileRef = BED5479122E89FF4002AA13B /* Main Old Stats Ice Tutorial.swift */; };
		BED5479422E8A0BF002AA13B /* Old Stats Ice Turoial Change Golaie View Controller.swift in Sources */ = {isa = PBXBuildFile; fileRef = BED5479322E8A0BF002AA13B /* Old Stats Ice Turoial Change Golaie View Controller.swift */; };
		BED5479622E8A0E3002AA13B /* Old Stats Ice Turoial View Analytical View Controller.swift in Sources */ = {isa = PBXBuildFile; fileRef = BED5479522E8A0E3002AA13B /* Old Stats Ice Turoial View Analytical View Controller.swift */; };
		BED5479822E8A0FC002AA13B /* Old Stats Ice Turoial Marker Stats View Controller.swift in Sources */ = {isa = PBXBuildFile; fileRef = BED5479722E8A0FC002AA13B /* Old Stats Ice Turoial Marker Stats View Controller.swift */; };
		BEDA530E21F14023002FAC32 /* Marker_Info_Page.swift in Sources */ = {isa = PBXBuildFile; fileRef = BEDA530D21F14023002FAC32 /* Marker_Info_Page.swift */; };
		BEDC7A01230E046200ADECD5 /* Settings Apperance View Controller.swift in Sources */ = {isa = PBXBuildFile; fileRef = BEDC7A00230E046200ADECD5 /* Settings Apperance View Controller.swift */; };
		BEDFCDF723102CCE00FA21AC /* Settings Navigation Controller.swift in Sources */ = {isa = PBXBuildFile; fileRef = BEDFCDF623102CCE00FA21AC /* Settings Navigation Controller.swift */; };
		BEE1898D230F5EDA009EC263 /* Settings Defaults Team Defaults.swift in Sources */ = {isa = PBXBuildFile; fileRef = BEE1898C230F5EDA009EC263 /* Settings Defaults Team Defaults.swift */; };
		BEE1898F230F5EEF009EC263 /* Settings Defaults Penalty Defaults.swift in Sources */ = {isa = PBXBuildFile; fileRef = BEE1898E230F5EEF009EC263 /* Settings Defaults Penalty Defaults.swift */; };
		BEE5D496231039C70011FE70 /* Team About Popup View Controller.swift in Sources */ = {isa = PBXBuildFile; fileRef = BEE5D495231039C70011FE70 /* Team About Popup View Controller.swift */; };
		BEE5D498231039E30011FE70 /* Player About Popup View Controller.swift in Sources */ = {isa = PBXBuildFile; fileRef = BEE5D497231039E30011FE70 /* Player About Popup View Controller.swift */; };
		BEE5D49C2310410C0011FE70 /* New_Game_Tutorial_Shot_View_Controller.swift in Sources */ = {isa = PBXBuildFile; fileRef = BEE5D49B2310410C0011FE70 /* New_Game_Tutorial_Shot_View_Controller.swift */; };
		BEE5D49E231041390011FE70 /* Main_New_Game_Tutorial_ViewController.swift in Sources */ = {isa = PBXBuildFile; fileRef = BEE5D49D231041390011FE70 /* Main_New_Game_Tutorial_ViewController.swift */; };
		CF66C1806FEAA58FCC52AAAF /* Pods_Shot_Tracker.framework in Frameworks */ = {isa = PBXBuildFile; fileRef = 6034E259A54CD51D774D4C91 /* Pods_Shot_Tracker.framework */; };
/* End PBXBuildFile section */

/* Begin PBXContainerItemProxy section */
		BE7D698921E3D74500C1745C /* PBXContainerItemProxy */ = {
			isa = PBXContainerItemProxy;
			containerPortal = BE7D696C21E3D74300C1745C /* Project object */;
			proxyType = 1;
			remoteGlobalIDString = BE7D697321E3D74300C1745C;
			remoteInfo = "Shot Tracker";
		};
		BE7D699421E3D74500C1745C /* PBXContainerItemProxy */ = {
			isa = PBXContainerItemProxy;
			containerPortal = BE7D696C21E3D74300C1745C /* Project object */;
			proxyType = 1;
			remoteGlobalIDString = BE7D697321E3D74300C1745C;
			remoteInfo = "Shot Tracker";
		};
/* End PBXContainerItemProxy section */

/* Begin PBXCopyFilesBuildPhase section */
		BE83904121F64F1900D02C0B /* Embed Frameworks */ = {
			isa = PBXCopyFilesBuildPhase;
			buildActionMask = 2147483647;
			dstPath = "";
			dstSubfolderSpec = 10;
			files = (
				BE12DE60228740C10071BC17 /* RealmSwift.framework in Embed Frameworks */,
				BE12DE5D228740BE0071BC17 /* Realm.framework in Embed Frameworks */,
			);
			name = "Embed Frameworks";
			runOnlyForDeploymentPostprocessing = 0;
		};
/* End PBXCopyFilesBuildPhase section */

/* Begin PBXFileReference section */
		04CB533F1790B105A354C9FD /* Pods-Shot TrackerTests.release.xcconfig */ = {isa = PBXFileReference; includeInIndex = 1; lastKnownFileType = text.xcconfig; name = "Pods-Shot TrackerTests.release.xcconfig"; path = "Target Support Files/Pods-Shot TrackerTests/Pods-Shot TrackerTests.release.xcconfig"; sourceTree = "<group>"; };
		1E7E60591E00F4DC7D342863 /* Pods-Shot TrackerTests.debug.xcconfig */ = {isa = PBXFileReference; includeInIndex = 1; lastKnownFileType = text.xcconfig; name = "Pods-Shot TrackerTests.debug.xcconfig"; path = "Target Support Files/Pods-Shot TrackerTests/Pods-Shot TrackerTests.debug.xcconfig"; sourceTree = "<group>"; };
		6034E259A54CD51D774D4C91 /* Pods_Shot_Tracker.framework */ = {isa = PBXFileReference; explicitFileType = wrapper.framework; includeInIndex = 0; path = Pods_Shot_Tracker.framework; sourceTree = BUILT_PRODUCTS_DIR; };
		6C62CACC7EDB869EB39B9819 /* Pods-Shot TrackerUITests.debug.xcconfig */ = {isa = PBXFileReference; includeInIndex = 1; lastKnownFileType = text.xcconfig; name = "Pods-Shot TrackerUITests.debug.xcconfig"; path = "Target Support Files/Pods-Shot TrackerUITests/Pods-Shot TrackerUITests.debug.xcconfig"; sourceTree = "<group>"; };
		786A436AB6DFB0DEE5F53E82 /* Pods-Shot Tracker.release.xcconfig */ = {isa = PBXFileReference; includeInIndex = 1; lastKnownFileType = text.xcconfig; name = "Pods-Shot Tracker.release.xcconfig"; path = "Target Support Files/Pods-Shot Tracker/Pods-Shot Tracker.release.xcconfig"; sourceTree = "<group>"; };
		8766E54477EFA0FD39529B59 /* Pods_Shot_TrackerTests.framework */ = {isa = PBXFileReference; explicitFileType = wrapper.framework; includeInIndex = 0; path = Pods_Shot_TrackerTests.framework; sourceTree = BUILT_PRODUCTS_DIR; };
		90E65C000D84B683037F3F78 /* Pods_Shot_TrackerUITests.framework */ = {isa = PBXFileReference; explicitFileType = wrapper.framework; includeInIndex = 0; path = Pods_Shot_TrackerUITests.framework; sourceTree = BUILT_PRODUCTS_DIR; };
		B66ACACA2323B38B3C25CBEE /* Pods-Shot TrackerUITests.release.xcconfig */ = {isa = PBXFileReference; includeInIndex = 1; lastKnownFileType = text.xcconfig; name = "Pods-Shot TrackerUITests.release.xcconfig"; path = "Target Support Files/Pods-Shot TrackerUITests/Pods-Shot TrackerUITests.release.xcconfig"; sourceTree = "<group>"; };
		BE059DB722EF451B00AEC3C4 /* new_game_settings_gif.gif */ = {isa = PBXFileReference; lastKnownFileType = image.gif; path = new_game_settings_gif.gif; sourceTree = "<group>"; };
		BE059DB922EF452400AEC3C4 /* old_stats_analytical_view_gif.gif */ = {isa = PBXFileReference; lastKnownFileType = image.gif; path = old_stats_analytical_view_gif.gif; sourceTree = "<group>"; };
		BE059DBB22EF452A00AEC3C4 /* old_stats_change_goalie_gif.gif */ = {isa = PBXFileReference; lastKnownFileType = image.gif; path = old_stats_change_goalie_gif.gif; sourceTree = "<group>"; };
		BE059DBD22EF453000AEC3C4 /* old_stats_marker_details_gif.gif */ = {isa = PBXFileReference; lastKnownFileType = image.gif; path = old_stats_marker_details_gif.gif; sourceTree = "<group>"; };
		BE0C1F9922886DFD000C2177 /* Settings_Subscriptions_View_Controller.swift */ = {isa = PBXFileReference; lastKnownFileType = sourcecode.swift; path = Settings_Subscriptions_View_Controller.swift; sourceTree = "<group>"; };
		BE0C7B73220156520018E434 /* Edit_Team_Info_Page.swift */ = {isa = PBXFileReference; lastKnownFileType = sourcecode.swift; path = Edit_Team_Info_Page.swift; sourceTree = "<group>"; };
		BE0C7B752201576B0018E434 /* Team_Selection_View.swift */ = {isa = PBXFileReference; lastKnownFileType = sourcecode.swift; path = Team_Selection_View.swift; sourceTree = "<group>"; };
		BE0FE5FB22F1DAAE006F4B39 /* fr-CA */ = {isa = PBXFileReference; lastKnownFileType = text.plist.strings; name = "fr-CA"; path = "fr-CA.lproj/LaunchScreen.strings"; sourceTree = "<group>"; };
		BE0FE5FC22F1DAAF006F4B39 /* fr-CA */ = {isa = PBXFileReference; lastKnownFileType = text.plist.strings; name = "fr-CA"; path = "fr-CA.lproj/Localizable.strings"; sourceTree = "<group>"; };
		BE12DE5B228740BE0071BC17 /* Realm.framework */ = {isa = PBXFileReference; lastKnownFileType = wrapper.framework; path = Realm.framework; sourceTree = "<group>"; };
		BE12DE5E228740C10071BC17 /* RealmSwift.framework */ = {isa = PBXFileReference; lastKnownFileType = wrapper.framework; path = RealmSwift.framework; sourceTree = "<group>"; };
		BE12DE61228744B80071BC17 /* customSettingCell.swift */ = {isa = PBXFileReference; lastKnownFileType = sourcecode.swift; path = customSettingCell.swift; sourceTree = "<group>"; };
		BE13E28F22737E41005782A5 /* customOverallStatsCell.swift */ = {isa = PBXFileReference; lastKnownFileType = sourcecode.swift; path = customOverallStatsCell.swift; sourceTree = "<group>"; };
		BE1F4D2D2278D96F00D8B4F3 /* customCurrentStatsCell.swift */ = {isa = PBXFileReference; lastKnownFileType = sourcecode.swift; path = customCurrentStatsCell.swift; sourceTree = "<group>"; };
		BE1F4D2F2278E26C00D8B4F3 /* Main_Game_Stats_View_Controller.swift */ = {isa = PBXFileReference; lastKnownFileType = sourcecode.swift; path = Main_Game_Stats_View_Controller.swift; sourceTree = "<group>"; };
		BE1F4D312278E42300D8B4F3 /* Detailed_Current_Stats_View_Controller.swift */ = {isa = PBXFileReference; lastKnownFileType = sourcecode.swift; path = Detailed_Current_Stats_View_Controller.swift; sourceTree = "<group>"; };
		BE235BDB22E3798C002BFDC2 /* New Game Tutorial Goal View Controller.swift */ = {isa = PBXFileReference; lastKnownFileType = sourcecode.swift; path = "New Game Tutorial Goal View Controller.swift"; sourceTree = "<group>"; };
		BE235BDD22E3799C002BFDC2 /* New Game Tutorial Penalty View Controller.swift */ = {isa = PBXFileReference; lastKnownFileType = sourcecode.swift; path = "New Game Tutorial Penalty View Controller.swift"; sourceTree = "<group>"; };
		BE235BDF22E379AE002BFDC2 /* New Game Tutorial Faceoff View Controller.swift */ = {isa = PBXFileReference; lastKnownFileType = sourcecode.swift; path = "New Game Tutorial Faceoff View Controller.swift"; sourceTree = "<group>"; };
		BE27918022E6790300CE40EC /* goal_gif.gif */ = {isa = PBXFileReference; lastKnownFileType = image.gif; path = goal_gif.gif; sourceTree = "<group>"; };
		BE27918222E6790800CE40EC /* shot_gif.gif */ = {isa = PBXFileReference; lastKnownFileType = image.gif; path = shot_gif.gif; sourceTree = "<group>"; };
		BE27918422E6790D00CE40EC /* penalty_gif.gif */ = {isa = PBXFileReference; lastKnownFileType = image.gif; path = penalty_gif.gif; sourceTree = "<group>"; };
		BE27918622E6791200CE40EC /* faceoff_gif.gif */ = {isa = PBXFileReference; lastKnownFileType = image.gif; path = faceoff_gif.gif; sourceTree = "<group>"; };
		BE341F2222BB16D200F8D2A3 /* Faceoff View Controller.swift */ = {isa = PBXFileReference; lastKnownFileType = sourcecode.swift; path = "Faceoff View Controller.swift"; sourceTree = "<group>"; };
		BE3EF901229A45EF00CCBB2A /* CloudKit.framework */ = {isa = PBXFileReference; lastKnownFileType = wrapper.framework; name = CloudKit.framework; path = System/Library/Frameworks/CloudKit.framework; sourceTree = SDKROOT; };
		BE4E8E6F226CEDC20046D710 /* Settings_Legal_View Controller.swift */ = {isa = PBXFileReference; lastKnownFileType = sourcecode.swift; path = "Settings_Legal_View Controller.swift"; sourceTree = "<group>"; };
		BE52370B226A5BB8009D9254 /* Main Settings Page View Controller.swift */ = {isa = PBXFileReference; lastKnownFileType = sourcecode.swift; path = "Main Settings Page View Controller.swift"; sourceTree = "<group>"; };
		BE52370D226A5CFB009D9254 /* Settings_Backup View Controller.swift */ = {isa = PBXFileReference; lastKnownFileType = sourcecode.swift; path = "Settings_Backup View Controller.swift"; sourceTree = "<group>"; };
		BE52370F226A75DF009D9254 /* Settings_Defaults View Controller.swift */ = {isa = PBXFileReference; lastKnownFileType = sourcecode.swift; path = "Settings_Defaults View Controller.swift"; sourceTree = "<group>"; };
		BE5584BD21E7AB8700C44D42 /* New_Game_Page.swift */ = {isa = PBXFileReference; lastKnownFileType = sourcecode.swift; path = New_Game_Page.swift; sourceTree = "<group>"; };
		BE57ACDA228756F800AD2054 /* StoreKit.framework */ = {isa = PBXFileReference; lastKnownFileType = wrapper.framework; name = StoreKit.framework; path = System/Library/Frameworks/StoreKit.framework; sourceTree = SDKROOT; };
		BE57F26222DB721B001A81F9 /* en */ = {isa = PBXFileReference; lastKnownFileType = text.plist.strings; name = en; path = en.lproj/LaunchScreen.strings; sourceTree = "<group>"; };
		BE57F26922DB7281001A81F9 /* en */ = {isa = PBXFileReference; lastKnownFileType = text.plist.strings; name = en; path = en.lproj/Localizable.strings; sourceTree = "<group>"; };
		BE6163F322EB3EAD00C61BA8 /* Penalty Info View Controller.swift */ = {isa = PBXFileReference; lastKnownFileType = sourcecode.swift; path = "Penalty Info View Controller.swift"; sourceTree = "<group>"; };
		BE64093222962FF1005B48C3 /* Shot Tracker.entitlements */ = {isa = PBXFileReference; lastKnownFileType = text.plist.entitlements; path = "Shot Tracker.entitlements"; sourceTree = "<group>"; };
		BE669DC4226E53EA00E2C5E7 /* Initial_Setup_Page_Controller.swift */ = {isa = PBXFileReference; lastKnownFileType = sourcecode.swift; path = Initial_Setup_Page_Controller.swift; sourceTree = "<group>"; };
		BE669DC6226E5AC100E2C5E7 /* Initial_Setup_FInish_Page_ViewController.swift */ = {isa = PBXFileReference; lastKnownFileType = sourcecode.swift; path = Initial_Setup_FInish_Page_ViewController.swift; sourceTree = "<group>"; };
		BE669DC8226E6B3F00E2C5E7 /* Initial_Setup_Team_Add_View_Controller.swift */ = {isa = PBXFileReference; lastKnownFileType = sourcecode.swift; path = Initial_Setup_Team_Add_View_Controller.swift; sourceTree = "<group>"; };
		BE669DCA226F842A00E2C5E7 /* Initial_Setup_Player_Add_View Controller.swift */ = {isa = PBXFileReference; lastKnownFileType = sourcecode.swift; path = "Initial_Setup_Player_Add_View Controller.swift"; sourceTree = "<group>"; };
		BE6AD1E422FA4F460052D053 /* Coach_Assistant_Legal.pdf */ = {isa = PBXFileReference; lastKnownFileType = image.pdf; name = Coach_Assistant_Legal.pdf; path = "../../../Documents/Coach Assistant Icons/Coach_Assistant_Legal.pdf"; sourceTree = "<group>"; };
		BE6AD1E622FA4F560052D053 /* help_guide_iPad.gif */ = {isa = PBXFileReference; lastKnownFileType = image.gif; name = help_guide_iPad.gif; path = "../../../Documents/Coach Assistant Icons/tutorial_vids/help_guide_iPad.gif"; sourceTree = "<group>"; };
		BE6F1E132274B44000673062 /* Settings_About_View_Controller.swift */ = {isa = PBXFileReference; lastKnownFileType = sourcecode.swift; path = Settings_About_View_Controller.swift; sourceTree = "<group>"; };
		BE73191021FA8B81004A3BC5 /* Shot_Location_View.swift */ = {isa = PBXFileReference; lastKnownFileType = sourcecode.swift; path = Shot_Location_View.swift; sourceTree = "<group>"; };
		BE78E82922375CEA00B339AE /* Current_Stats_Ananlytical_View:.swift */ = {isa = PBXFileReference; lastKnownFileType = sourcecode.swift; path = "Current_Stats_Ananlytical_View:.swift"; sourceTree = "<group>"; };
		BE7A694F2307411600905F4C /* Main.storyboard */ = {isa = PBXFileReference; fileEncoding = 4; lastKnownFileType = file.storyboard; path = Main.storyboard; sourceTree = "<group>"; };
		BE7D697421E3D74300C1745C /* Shot Tracker.app */ = {isa = PBXFileReference; explicitFileType = wrapper.application; includeInIndex = 0; path = "Shot Tracker.app"; sourceTree = BUILT_PRODUCTS_DIR; };
		BE7D697721E3D74300C1745C /* AppDelegate.swift */ = {isa = PBXFileReference; lastKnownFileType = sourcecode.swift; path = AppDelegate.swift; sourceTree = "<group>"; };
		BE7D697921E3D74300C1745C /* Home_Page_View_Controller.swift */ = {isa = PBXFileReference; lastKnownFileType = sourcecode.swift; path = Home_Page_View_Controller.swift; sourceTree = "<group>"; };
		BE7D697E21E3D74500C1745C /* Assets.xcassets */ = {isa = PBXFileReference; lastKnownFileType = folder.assetcatalog; path = Assets.xcassets; sourceTree = "<group>"; };
		BE7D698121E3D74500C1745C /* Base */ = {isa = PBXFileReference; lastKnownFileType = file.storyboard; name = Base; path = Base.lproj/LaunchScreen.storyboard; sourceTree = "<group>"; };
		BE7D698321E3D74500C1745C /* Info.plist */ = {isa = PBXFileReference; lastKnownFileType = text.plist.xml; path = Info.plist; sourceTree = "<group>"; };
		BE7D698821E3D74500C1745C /* Shot TrackerTests.xctest */ = {isa = PBXFileReference; explicitFileType = wrapper.cfbundle; includeInIndex = 0; path = "Shot TrackerTests.xctest"; sourceTree = BUILT_PRODUCTS_DIR; };
		BE7D698C21E3D74500C1745C /* Shot_TrackerTests.swift */ = {isa = PBXFileReference; lastKnownFileType = sourcecode.swift; path = Shot_TrackerTests.swift; sourceTree = "<group>"; };
		BE7D698E21E3D74500C1745C /* Info.plist */ = {isa = PBXFileReference; lastKnownFileType = text.plist.xml; path = Info.plist; sourceTree = "<group>"; };
		BE7D699321E3D74500C1745C /* Shot TrackerUITests.xctest */ = {isa = PBXFileReference; explicitFileType = wrapper.cfbundle; includeInIndex = 0; path = "Shot TrackerUITests.xctest"; sourceTree = BUILT_PRODUCTS_DIR; };
		BE7D699721E3D74500C1745C /* Shot_TrackerUITests.swift */ = {isa = PBXFileReference; lastKnownFileType = sourcecode.swift; path = Shot_TrackerUITests.swift; sourceTree = "<group>"; };
		BE7D699921E3D74500C1745C /* Info.plist */ = {isa = PBXFileReference; lastKnownFileType = text.plist.xml; path = Info.plist; sourceTree = "<group>"; };
		BE8F88B5227747260087ED88 /* varReference.swift */ = {isa = PBXFileReference; lastKnownFileType = sourcecode.swift; path = varReference.swift; sourceTree = "<group>"; };
		BE8FB54322037BF8008BD343 /* Old_Stats_View.swift */ = {isa = PBXFileReference; lastKnownFileType = sourcecode.swift; path = Old_Stats_View.swift; sourceTree = "<group>"; };
		BE9016B522469E45006ECE5B /* Default Team Selection View.swift */ = {isa = PBXFileReference; lastKnownFileType = sourcecode.swift; path = "Default Team Selection View.swift"; sourceTree = "<group>"; };
		BE90D25B223C2FEA00228621 /* Old Stats Type Pop Up.swift */ = {isa = PBXFileReference; lastKnownFileType = sourcecode.swift; path = "Old Stats Type Pop Up.swift"; sourceTree = "<group>"; };
		BE90D25D223C300300228621 /* Overall Player Stats View.swift */ = {isa = PBXFileReference; lastKnownFileType = sourcecode.swift; path = "Overall Player Stats View.swift"; sourceTree = "<group>"; };
		BE913A472233740500080081 /* Old Game Ice View.swift */ = {isa = PBXFileReference; lastKnownFileType = sourcecode.swift; path = "Old Game Ice View.swift"; sourceTree = "<group>"; };
		BE92E0202274E1AB00B95209 /* Penalty_Popup_View_Controller.swift */ = {isa = PBXFileReference; lastKnownFileType = sourcecode.swift; path = Penalty_Popup_View_Controller.swift; sourceTree = "<group>"; };
		BE96E4BA2232E1D9000C0684 /* Import Pop Up View.swift */ = {isa = PBXFileReference; lastKnownFileType = sourcecode.swift; path = "Import Pop Up View.swift"; sourceTree = "<group>"; };
		BEA08C942215F00A00B6D73B /* Add_Team_Page.swift */ = {isa = PBXFileReference; lastKnownFileType = sourcecode.swift; path = Add_Team_Page.swift; sourceTree = "<group>"; };
		BEA08C962215F05200B6D73B /* Add_Player_Page.swift */ = {isa = PBXFileReference; lastKnownFileType = sourcecode.swift; path = Add_Player_Page.swift; sourceTree = "<group>"; };
		BEA1CE3C2243F46200DA8EEE /* Old Stats Goalie Selection View.swift */ = {isa = PBXFileReference; lastKnownFileType = sourcecode.swift; path = "Old Stats Goalie Selection View.swift"; sourceTree = "<group>"; };
		BEA611142301B9C300161FC2 /* help_guide_iPad.pdf */ = {isa = PBXFileReference; lastKnownFileType = image.pdf; name = help_guide_iPad.pdf; path = "../../../Documents/Coach Assistant Icons/help_guide_iPad.pdf"; sourceTree = "<group>"; };
		BEAD9B1D230B41810040AFE2 /* LockerRoom View Controller.swift */ = {isa = PBXFileReference; lastKnownFileType = sourcecode.swift; path = "LockerRoom View Controller.swift"; sourceTree = "<group>"; };
		BEAD9B1F230B59380040AFE2 /* Player Stats View Controller.swift */ = {isa = PBXFileReference; lastKnownFileType = sourcecode.swift; path = "Player Stats View Controller.swift"; sourceTree = "<group>"; };
		BEAD9B21230B59540040AFE2 /* Locker Room Old Stats View Controller.swift */ = {isa = PBXFileReference; lastKnownFileType = sourcecode.swift; path = "Locker Room Old Stats View Controller.swift"; sourceTree = "<group>"; };
		BEAD9B25230B59A20040AFE2 /* Locker Room UIPageController.swift */ = {isa = PBXFileReference; lastKnownFileType = sourcecode.swift; path = "Locker Room UIPageController.swift"; sourceTree = "<group>"; };
		BEB3E53C22B4746F00AC7035 /* In Game Settings ViewController.swift */ = {isa = PBXFileReference; lastKnownFileType = sourcecode.swift; path = "In Game Settings ViewController.swift"; sourceTree = "<group>"; };
		BEB718FF220A192B00DA6399 /* Basic_Current_Stats_Page.swift */ = {isa = PBXFileReference; lastKnownFileType = sourcecode.swift; path = Basic_Current_Stats_Page.swift; sourceTree = "<group>"; };
		BEB7CBD3221F1F60001D5A81 /* New Game Basic Info Page.swift */ = {isa = PBXFileReference; lastKnownFileType = sourcecode.swift; path = "New Game Basic Info Page.swift"; sourceTree = "<group>"; };
		BEBB0675227215BD001DDD61 /* Initial_Setup_More_Info_View_Controller.swift */ = {isa = PBXFileReference; lastKnownFileType = sourcecode.swift; path = Initial_Setup_More_Info_View_Controller.swift; sourceTree = "<group>"; };
		BEBCC1B523105D5E00AEAE71 /* New Game Table.swift */ = {isa = PBXFileReference; lastKnownFileType = sourcecode.swift; path = "New Game Table.swift"; sourceTree = "<group>"; };
		BEBCC1B723105D8800AEAE71 /* Faceoff Info Table.swift */ = {isa = PBXFileReference; lastKnownFileType = sourcecode.swift; path = "Faceoff Info Table.swift"; sourceTree = "<group>"; };
		BEBCC1B923105D9E00AEAE71 /* Goal Marker Table.swift */ = {isa = PBXFileReference; lastKnownFileType = sourcecode.swift; path = "Goal Marker Table.swift"; sourceTree = "<group>"; };
		BEBCC1BB23105DBC00AEAE71 /* Overall Stats Table.swift */ = {isa = PBXFileReference; lastKnownFileType = sourcecode.swift; path = "Overall Stats Table.swift"; sourceTree = "<group>"; };
		BEBCC1BF23105DF600AEAE71 /* Penalty Table.swift */ = {isa = PBXFileReference; lastKnownFileType = sourcecode.swift; path = "Penalty Table.swift"; sourceTree = "<group>"; };
		BEBCC1C123105E1900AEAE71 /* Player Info Table.swift */ = {isa = PBXFileReference; lastKnownFileType = sourcecode.swift; path = "Player Info Table.swift"; sourceTree = "<group>"; };
		BEBCC1C323105E2D00AEAE71 /* Shot Marker Table.swift */ = {isa = PBXFileReference; lastKnownFileType = sourcecode.swift; path = "Shot Marker Table.swift"; sourceTree = "<group>"; };
		BEBCC1C523105E4400AEAE71 /* Team Info Table.swift */ = {isa = PBXFileReference; lastKnownFileType = sourcecode.swift; path = "Team Info Table.swift"; sourceTree = "<group>"; };
		BECD070822EF9200004A808D /* customTeamStatsCell.swift */ = {isa = PBXFileReference; lastKnownFileType = sourcecode.swift; path = customTeamStatsCell.swift; sourceTree = "<group>"; };
		BECF547B2288F08400710519 /* Help_Guide_View_Controller.swift */ = {isa = PBXFileReference; lastKnownFileType = sourcecode.swift; path = Help_Guide_View_Controller.swift; sourceTree = "<group>"; };
		BED34AE7228863B200791B95 /* GoogleService-Info.plist */ = {isa = PBXFileReference; fileEncoding = 4; lastKnownFileType = text.plist.xml; path = "GoogleService-Info.plist"; sourceTree = "<group>"; };
		BED5478E22E89C8B002AA13B /* New Game Tutorial Menu Options View Controller.swift */ = {isa = PBXFileReference; lastKnownFileType = sourcecode.swift; path = "New Game Tutorial Menu Options View Controller.swift"; sourceTree = "<group>"; };
		BED5479122E89FF4002AA13B /* Main Old Stats Ice Tutorial.swift */ = {isa = PBXFileReference; lastKnownFileType = sourcecode.swift; path = "Main Old Stats Ice Tutorial.swift"; sourceTree = "<group>"; };
		BED5479322E8A0BF002AA13B /* Old Stats Ice Turoial Change Golaie View Controller.swift */ = {isa = PBXFileReference; lastKnownFileType = sourcecode.swift; path = "Old Stats Ice Turoial Change Golaie View Controller.swift"; sourceTree = "<group>"; };
		BED5479522E8A0E3002AA13B /* Old Stats Ice Turoial View Analytical View Controller.swift */ = {isa = PBXFileReference; lastKnownFileType = sourcecode.swift; path = "Old Stats Ice Turoial View Analytical View Controller.swift"; sourceTree = "<group>"; };
		BED5479722E8A0FC002AA13B /* Old Stats Ice Turoial Marker Stats View Controller.swift */ = {isa = PBXFileReference; lastKnownFileType = sourcecode.swift; path = "Old Stats Ice Turoial Marker Stats View Controller.swift"; sourceTree = "<group>"; };
		BEDA530D21F14023002FAC32 /* Marker_Info_Page.swift */ = {isa = PBXFileReference; lastKnownFileType = sourcecode.swift; path = Marker_Info_Page.swift; sourceTree = "<group>"; };
		BEDC7A00230E046200ADECD5 /* Settings Apperance View Controller.swift */ = {isa = PBXFileReference; lastKnownFileType = sourcecode.swift; path = "Settings Apperance View Controller.swift"; sourceTree = "<group>"; };
		BEDFCDF623102CCE00FA21AC /* Settings Navigation Controller.swift */ = {isa = PBXFileReference; lastKnownFileType = sourcecode.swift; path = "Settings Navigation Controller.swift"; sourceTree = "<group>"; };
		BEE1898C230F5EDA009EC263 /* Settings Defaults Team Defaults.swift */ = {isa = PBXFileReference; lastKnownFileType = sourcecode.swift; path = "Settings Defaults Team Defaults.swift"; sourceTree = "<group>"; };
		BEE1898E230F5EEF009EC263 /* Settings Defaults Penalty Defaults.swift */ = {isa = PBXFileReference; lastKnownFileType = sourcecode.swift; path = "Settings Defaults Penalty Defaults.swift"; sourceTree = "<group>"; };
		BEE5D495231039C70011FE70 /* Team About Popup View Controller.swift */ = {isa = PBXFileReference; lastKnownFileType = sourcecode.swift; path = "Team About Popup View Controller.swift"; sourceTree = "<group>"; };
		BEE5D497231039E30011FE70 /* Player About Popup View Controller.swift */ = {isa = PBXFileReference; lastKnownFileType = sourcecode.swift; path = "Player About Popup View Controller.swift"; sourceTree = "<group>"; };
		BEE5D49B2310410C0011FE70 /* New_Game_Tutorial_Shot_View_Controller.swift */ = {isa = PBXFileReference; lastKnownFileType = sourcecode.swift; path = New_Game_Tutorial_Shot_View_Controller.swift; sourceTree = "<group>"; };
		BEE5D49D231041390011FE70 /* Main_New_Game_Tutorial_ViewController.swift */ = {isa = PBXFileReference; lastKnownFileType = sourcecode.swift; path = Main_New_Game_Tutorial_ViewController.swift; sourceTree = "<group>"; };
		C8567FABF079141DA35EAF50 /* Pods-Shot Tracker.debug.xcconfig */ = {isa = PBXFileReference; includeInIndex = 1; lastKnownFileType = text.xcconfig; name = "Pods-Shot Tracker.debug.xcconfig"; path = "Target Support Files/Pods-Shot Tracker/Pods-Shot Tracker.debug.xcconfig"; sourceTree = "<group>"; };
/* End PBXFileReference section */

/* Begin PBXFrameworksBuildPhase section */
		BE7D697121E3D74300C1745C /* Frameworks */ = {
			isa = PBXFrameworksBuildPhase;
			buildActionMask = 2147483647;
			files = (
				BE3EF902229A45EF00CCBB2A /* CloudKit.framework in Frameworks */,
				BE12DE5C228740BE0071BC17 /* Realm.framework in Frameworks */,
				CF66C1806FEAA58FCC52AAAF /* Pods_Shot_Tracker.framework in Frameworks */,
				BE12DE5F228740C10071BC17 /* RealmSwift.framework in Frameworks */,
				BE57ACDB228756F800AD2054 /* StoreKit.framework in Frameworks */,
			);
			runOnlyForDeploymentPostprocessing = 0;
		};
		BE7D698521E3D74500C1745C /* Frameworks */ = {
			isa = PBXFrameworksBuildPhase;
			buildActionMask = 2147483647;
			files = (
				6A41063EAC8E5809883AFEAF /* Pods_Shot_TrackerTests.framework in Frameworks */,
			);
			runOnlyForDeploymentPostprocessing = 0;
		};
		BE7D699021E3D74500C1745C /* Frameworks */ = {
			isa = PBXFrameworksBuildPhase;
			buildActionMask = 2147483647;
			files = (
				94591E74093479D23B50C5C9 /* Pods_Shot_TrackerUITests.framework in Frameworks */,
			);
			runOnlyForDeploymentPostprocessing = 0;
		};
/* End PBXFrameworksBuildPhase section */

/* Begin PBXGroup section */
		22858B79987914034CE1A581 /* Pods */ = {
			isa = PBXGroup;
			children = (
				C8567FABF079141DA35EAF50 /* Pods-Shot Tracker.debug.xcconfig */,
				786A436AB6DFB0DEE5F53E82 /* Pods-Shot Tracker.release.xcconfig */,
				1E7E60591E00F4DC7D342863 /* Pods-Shot TrackerTests.debug.xcconfig */,
				04CB533F1790B105A354C9FD /* Pods-Shot TrackerTests.release.xcconfig */,
				6C62CACC7EDB869EB39B9819 /* Pods-Shot TrackerUITests.debug.xcconfig */,
				B66ACACA2323B38B3C25CBEE /* Pods-Shot TrackerUITests.release.xcconfig */,
			);
			path = Pods;
			sourceTree = "<group>";
		};
		38E61347044FA77C74753438 /* Frameworks */ = {
			isa = PBXGroup;
			children = (
				BE3EF901229A45EF00CCBB2A /* CloudKit.framework */,
				BE57ACDA228756F800AD2054 /* StoreKit.framework */,
				6034E259A54CD51D774D4C91 /* Pods_Shot_Tracker.framework */,
				8766E54477EFA0FD39529B59 /* Pods_Shot_TrackerTests.framework */,
				90E65C000D84B683037F3F78 /* Pods_Shot_TrackerUITests.framework */,
			);
			name = Frameworks;
			sourceTree = "<group>";
		};
		BE089F4922BFE2C000FAED6F /* PopUp's */ = {
			isa = PBXGroup;
			children = (
				BE6163F322EB3EAD00C61BA8 /* Penalty Info View Controller.swift */,
				BECF547B2288F08400710519 /* Help_Guide_View_Controller.swift */,
				BEB7CBD3221F1F60001D5A81 /* New Game Basic Info Page.swift */,
				BEB3E53C22B4746F00AC7035 /* In Game Settings ViewController.swift */,
				BE9016B522469E45006ECE5B /* Default Team Selection View.swift */,
				BE0C7B752201576B0018E434 /* Team_Selection_View.swift */,
				BE78E82922375CEA00B339AE /* Current_Stats_Ananlytical_View:.swift */,
				BE73191021FA8B81004A3BC5 /* Shot_Location_View.swift */,
				BE92E0202274E1AB00B95209 /* Penalty_Popup_View_Controller.swift */,
				BE341F2222BB16D200F8D2A3 /* Faceoff View Controller.swift */,
				BE96E4BA2232E1D9000C0684 /* Import Pop Up View.swift */,
				BEA1CE3C2243F46200DA8EEE /* Old Stats Goalie Selection View.swift */,
				BE90D25B223C2FEA00228621 /* Old Stats Type Pop Up.swift */,
			);
			path = "PopUp's";
			sourceTree = "<group>";
		};
		BE089F4A22BFE2D600FAED6F /* Settings Page */ = {
			isa = PBXGroup;
			children = (
				BEDFCDF623102CCE00FA21AC /* Settings Navigation Controller.swift */,
				BE52370B226A5BB8009D9254 /* Main Settings Page View Controller.swift */,
				BE52370F226A75DF009D9254 /* Settings_Defaults View Controller.swift */,
				BEE1898C230F5EDA009EC263 /* Settings Defaults Team Defaults.swift */,
				BEE1898E230F5EEF009EC263 /* Settings Defaults Penalty Defaults.swift */,
				BE52370D226A5CFB009D9254 /* Settings_Backup View Controller.swift */,
				BEDC7A00230E046200ADECD5 /* Settings Apperance View Controller.swift */,
				BE0C1F9922886DFD000C2177 /* Settings_Subscriptions_View_Controller.swift */,
				BE4E8E6F226CEDC20046D710 /* Settings_Legal_View Controller.swift */,
				BE6F1E132274B44000673062 /* Settings_About_View_Controller.swift */,
			);
			path = "Settings Page";
			sourceTree = "<group>";
		};
		BE089F4B22BFE2E900FAED6F /* View Controllers */ = {
			isa = PBXGroup;
			children = (
				BE7D697721E3D74300C1745C /* AppDelegate.swift */,
				BE7D697921E3D74300C1745C /* Home_Page_View_Controller.swift */,
				BEAD9B1C230B41680040AFE2 /* LockerRoom */,
				BE089F5522BFE46000FAED6F /* New Game */,
				BE089F5422BFE42200FAED6F /* Old Game Stats */,
				BED5479022E89FB4002AA13B /* Old Stats Ice Setup VC */,
				BE089F5322BFE40000FAED6F /* Game Stats VC */,
				BE089F5222BFE3BD00FAED6F /* Team Player Editing Adding */,
				BE089F4C22BFE30200FAED6F /* Initial Setup */,
				BE089F4A22BFE2D600FAED6F /* Settings Page */,
				BE089F4922BFE2C000FAED6F /* PopUp's */,
			);
			path = "View Controllers";
			sourceTree = "<group>";
		};
		BE089F4C22BFE30200FAED6F /* Initial Setup */ = {
			isa = PBXGroup;
			children = (
				BE669DC4226E53EA00E2C5E7 /* Initial_Setup_Page_Controller.swift */,
				BE669DC6226E5AC100E2C5E7 /* Initial_Setup_FInish_Page_ViewController.swift */,
				BE669DC8226E6B3F00E2C5E7 /* Initial_Setup_Team_Add_View_Controller.swift */,
				BE669DCA226F842A00E2C5E7 /* Initial_Setup_Player_Add_View Controller.swift */,
				BEBB0675227215BD001DDD61 /* Initial_Setup_More_Info_View_Controller.swift */,
			);
			path = "Initial Setup";
			sourceTree = "<group>";
		};
		BE089F4D22BFE35900FAED6F /* Realm Objc */ = {
			isa = PBXGroup;
			children = (
				BEBCC1B523105D5E00AEAE71 /* New Game Table.swift */,
				BEBCC1B723105D8800AEAE71 /* Faceoff Info Table.swift */,
				BEBCC1B923105D9E00AEAE71 /* Goal Marker Table.swift */,
				BEBCC1BB23105DBC00AEAE71 /* Overall Stats Table.swift */,
				BEBCC1BF23105DF600AEAE71 /* Penalty Table.swift */,
				BEBCC1C123105E1900AEAE71 /* Player Info Table.swift */,
				BEBCC1C323105E2D00AEAE71 /* Shot Marker Table.swift */,
				BEBCC1C523105E4400AEAE71 /* Team Info Table.swift */,
			);
			path = "Realm Objc";
			sourceTree = "<group>";
		};
		BE089F5222BFE3BD00FAED6F /* Team Player Editing Adding */ = {
			isa = PBXGroup;
			children = (
				BEA08C942215F00A00B6D73B /* Add_Team_Page.swift */,
			);
			path = "Team Player Editing Adding";
			sourceTree = "<group>";
		};
		BE089F5322BFE40000FAED6F /* Game Stats VC */ = {
			isa = PBXGroup;
			children = (
				BE235BD822E37934002BFDC2 /* New Game Setup VC */,
				BE1F4D2F2278E26C00D8B4F3 /* Main_Game_Stats_View_Controller.swift */,
				BEB718FF220A192B00DA6399 /* Basic_Current_Stats_Page.swift */,
				BE1F4D312278E42300D8B4F3 /* Detailed_Current_Stats_View_Controller.swift */,
			);
			path = "Game Stats VC";
			sourceTree = "<group>";
		};
		BE089F5422BFE42200FAED6F /* Old Game Stats */ = {
			isa = PBXGroup;
			children = (
				BE8FB54322037BF8008BD343 /* Old_Stats_View.swift */,
				BE913A472233740500080081 /* Old Game Ice View.swift */,
				BE90D25D223C300300228621 /* Overall Player Stats View.swift */,
			);
			path = "Old Game Stats";
			sourceTree = "<group>";
		};
		BE089F5522BFE46000FAED6F /* New Game */ = {
			isa = PBXGroup;
			children = (
				BE5584BD21E7AB8700C44D42 /* New_Game_Page.swift */,
				BEDA530D21F14023002FAC32 /* Marker_Info_Page.swift */,
			);
			path = "New Game";
			sourceTree = "<group>";
		};
		BE089F5622BFE47100FAED6F /* Custom Classes */ = {
			isa = PBXGroup;
			children = (
				BE1F4D2D2278D96F00D8B4F3 /* customCurrentStatsCell.swift */,
				BE13E28F22737E41005782A5 /* customOverallStatsCell.swift */,
				BECD070822EF9200004A808D /* customTeamStatsCell.swift */,
				BE12DE61228744B80071BC17 /* customSettingCell.swift */,
			);
			path = "Custom Classes";
			sourceTree = "<group>";
		};
		BE235BD822E37934002BFDC2 /* New Game Setup VC */ = {
			isa = PBXGroup;
			children = (
				BE235BDB22E3798C002BFDC2 /* New Game Tutorial Goal View Controller.swift */,
				BE235BDD22E3799C002BFDC2 /* New Game Tutorial Penalty View Controller.swift */,
				BE235BDF22E379AE002BFDC2 /* New Game Tutorial Faceoff View Controller.swift */,
				BED5478E22E89C8B002AA13B /* New Game Tutorial Menu Options View Controller.swift */,
				BEE5D49B2310410C0011FE70 /* New_Game_Tutorial_Shot_View_Controller.swift */,
				BEE5D49D231041390011FE70 /* Main_New_Game_Tutorial_ViewController.swift */,
			);
			path = "New Game Setup VC";
			sourceTree = "<group>";
		};
		BE7D696B21E3D74300C1745C = {
			isa = PBXGroup;
			children = (
				BE12DE5E228740C10071BC17 /* RealmSwift.framework */,
				BE12DE5B228740BE0071BC17 /* Realm.framework */,
				BE7D697621E3D74300C1745C /* Shot Tracker */,
				BE7D698B21E3D74500C1745C /* Shot TrackerTests */,
				BE7D699621E3D74500C1745C /* Shot TrackerUITests */,
				BE7D697521E3D74300C1745C /* Products */,
				22858B79987914034CE1A581 /* Pods */,
				38E61347044FA77C74753438 /* Frameworks */,
			);
			sourceTree = "<group>";
		};
		BE7D697521E3D74300C1745C /* Products */ = {
			isa = PBXGroup;
			children = (
				BE7D697421E3D74300C1745C /* Shot Tracker.app */,
				BE7D698821E3D74500C1745C /* Shot TrackerTests.xctest */,
				BE7D699321E3D74500C1745C /* Shot TrackerUITests.xctest */,
			);
			name = Products;
			sourceTree = "<group>";
		};
		BE7D697621E3D74300C1745C /* Shot Tracker */ = {
			isa = PBXGroup;
			children = (
				BE089F5622BFE47100FAED6F /* Custom Classes */,
				BE089F4D22BFE35900FAED6F /* Realm Objc */,
				BE089F4B22BFE2E900FAED6F /* View Controllers */,
				BE64093222962FF1005B48C3 /* Shot Tracker.entitlements */,
				BE57F26A22DB7281001A81F9 /* Localizable.strings */,
				BE7D697E21E3D74500C1745C /* Assets.xcassets */,
				BE7A694F2307411600905F4C /* Main.storyboard */,
				BE7D698021E3D74500C1745C /* LaunchScreen.storyboard */,
				BE8F88B5227747260087ED88 /* varReference.swift */,
				BE7D698321E3D74500C1745C /* Info.plist */,
				BED34AE7228863B200791B95 /* GoogleService-Info.plist */,
				BE059DBD22EF453000AEC3C4 /* old_stats_marker_details_gif.gif */,
				BE059DBB22EF452A00AEC3C4 /* old_stats_change_goalie_gif.gif */,
				BE059DB922EF452400AEC3C4 /* old_stats_analytical_view_gif.gif */,
				BE059DB722EF451B00AEC3C4 /* new_game_settings_gif.gif */,
				BE6AD1E422FA4F460052D053 /* Coach_Assistant_Legal.pdf */,
				BE6AD1E622FA4F560052D053 /* help_guide_iPad.gif */,
				BEA611142301B9C300161FC2 /* help_guide_iPad.pdf */,
				BE27918622E6791200CE40EC /* faceoff_gif.gif */,
				BE27918422E6790D00CE40EC /* penalty_gif.gif */,
				BE27918222E6790800CE40EC /* shot_gif.gif */,
				BE27918022E6790300CE40EC /* goal_gif.gif */,
			);
			path = "Shot Tracker";
			sourceTree = "<group>";
		};
		BE7D698B21E3D74500C1745C /* Shot TrackerTests */ = {
			isa = PBXGroup;
			children = (
				BE7D698C21E3D74500C1745C /* Shot_TrackerTests.swift */,
				BE7D698E21E3D74500C1745C /* Info.plist */,
			);
			path = "Shot TrackerTests";
			sourceTree = "<group>";
		};
		BE7D699621E3D74500C1745C /* Shot TrackerUITests */ = {
			isa = PBXGroup;
			children = (
				BE7D699721E3D74500C1745C /* Shot_TrackerUITests.swift */,
				BE7D699921E3D74500C1745C /* Info.plist */,
			);
			path = "Shot TrackerUITests";
			sourceTree = "<group>";
		};
		BEAD9B1C230B41680040AFE2 /* LockerRoom */ = {
			isa = PBXGroup;
			children = (
				BEAD9B1D230B41810040AFE2 /* LockerRoom View Controller.swift */,
				BEAD9B25230B59A20040AFE2 /* Locker Room UIPageController.swift */,
				BEAD9B1F230B59380040AFE2 /* Player Stats View Controller.swift */,
				BEAD9B21230B59540040AFE2 /* Locker Room Old Stats View Controller.swift */,
				BE0C7B73220156520018E434 /* Edit_Team_Info_Page.swift */,
				BEA08C962215F05200B6D73B /* Add_Player_Page.swift */,
				BEE5D495231039C70011FE70 /* Team About Popup View Controller.swift */,
				BEE5D497231039E30011FE70 /* Player About Popup View Controller.swift */,
			);
			path = LockerRoom;
			sourceTree = "<group>";
		};
		BED5479022E89FB4002AA13B /* Old Stats Ice Setup VC */ = {
			isa = PBXGroup;
			children = (
				BED5479122E89FF4002AA13B /* Main Old Stats Ice Tutorial.swift */,
				BED5479322E8A0BF002AA13B /* Old Stats Ice Turoial Change Golaie View Controller.swift */,
				BED5479522E8A0E3002AA13B /* Old Stats Ice Turoial View Analytical View Controller.swift */,
				BED5479722E8A0FC002AA13B /* Old Stats Ice Turoial Marker Stats View Controller.swift */,
			);
			path = "Old Stats Ice Setup VC";
			sourceTree = "<group>";
		};
/* End PBXGroup section */

/* Begin PBXNativeTarget section */
		BE7D697321E3D74300C1745C /* Shot Tracker */ = {
			isa = PBXNativeTarget;
			buildConfigurationList = BE7D699C21E3D74500C1745C /* Build configuration list for PBXNativeTarget "Shot Tracker" */;
			buildPhases = (
				6EB4013C638AE9C31A99B4D0 /* [CP] Check Pods Manifest.lock */,
				BE7D697021E3D74300C1745C /* Sources */,
				BE7D697121E3D74300C1745C /* Frameworks */,
				BE7D697221E3D74300C1745C /* Resources */,
				BE83904121F64F1900D02C0B /* Embed Frameworks */,
				BE83904221F650E900D02C0B /* ShellScript */,
				66FFDB66CC3F3CED93501689 /* [CP] Embed Pods Frameworks */,
				BEAD9B19230B37400040AFE2 /* ShellScript */,
			);
			buildRules = (
			);
			dependencies = (
			);
			name = "Shot Tracker";
			productName = "Shot Tracker";
			productReference = BE7D697421E3D74300C1745C /* Shot Tracker.app */;
			productType = "com.apple.product-type.application";
		};
		BE7D698721E3D74500C1745C /* Shot TrackerTests */ = {
			isa = PBXNativeTarget;
			buildConfigurationList = BE7D699F21E3D74500C1745C /* Build configuration list for PBXNativeTarget "Shot TrackerTests" */;
			buildPhases = (
				CCBC1C8C57F3465F9FDC3609 /* [CP] Check Pods Manifest.lock */,
				BE7D698421E3D74500C1745C /* Sources */,
				BE7D698521E3D74500C1745C /* Frameworks */,
				BE7D698621E3D74500C1745C /* Resources */,
			);
			buildRules = (
			);
			dependencies = (
				BE7D698A21E3D74500C1745C /* PBXTargetDependency */,
			);
			name = "Shot TrackerTests";
			productName = "Shot TrackerTests";
			productReference = BE7D698821E3D74500C1745C /* Shot TrackerTests.xctest */;
			productType = "com.apple.product-type.bundle.unit-test";
		};
		BE7D699221E3D74500C1745C /* Shot TrackerUITests */ = {
			isa = PBXNativeTarget;
			buildConfigurationList = BE7D69A221E3D74500C1745C /* Build configuration list for PBXNativeTarget "Shot TrackerUITests" */;
			buildPhases = (
				C75B5C241B38AE9D7BEA3F09 /* [CP] Check Pods Manifest.lock */,
				BE7D698F21E3D74500C1745C /* Sources */,
				BE7D699021E3D74500C1745C /* Frameworks */,
				BE7D699121E3D74500C1745C /* Resources */,
			);
			buildRules = (
			);
			dependencies = (
				BE7D699521E3D74500C1745C /* PBXTargetDependency */,
			);
			name = "Shot TrackerUITests";
			productName = "Shot TrackerUITests";
			productReference = BE7D699321E3D74500C1745C /* Shot TrackerUITests.xctest */;
			productType = "com.apple.product-type.bundle.ui-testing";
		};
/* End PBXNativeTarget section */

/* Begin PBXProject section */
		BE7D696C21E3D74300C1745C /* Project object */ = {
			isa = PBXProject;
			attributes = {
				LastSwiftUpdateCheck = 1010;
				LastUpgradeCheck = 1010;
				ORGANIZATIONNAME = "Greg Brooks";
				TargetAttributes = {
					BE7D697321E3D74300C1745C = {
						CreatedOnToolsVersion = 10.1;
						LastSwiftMigration = 1010;
						SystemCapabilities = {
							com.apple.InAppPurchase = {
								enabled = 1;
							};
							com.apple.Push = {
								enabled = 1;
							};
							com.apple.iCloud = {
								enabled = 1;
							};
						};
					};
					BE7D698721E3D74500C1745C = {
						CreatedOnToolsVersion = 10.1;
						LastSwiftMigration = 1020;
						TestTargetID = BE7D697321E3D74300C1745C;
					};
					BE7D699221E3D74500C1745C = {
						CreatedOnToolsVersion = 10.1;
						LastSwiftMigration = 1020;
						TestTargetID = BE7D697321E3D74300C1745C;
					};
				};
			};
			buildConfigurationList = BE7D696F21E3D74300C1745C /* Build configuration list for PBXProject "Shot Tracker" */;
			compatibilityVersion = "Xcode 9.3";
			developmentRegion = en;
			hasScannedForEncodings = 0;
			knownRegions = (
				Base,
				en,
				"fr-CA",
			);
			mainGroup = BE7D696B21E3D74300C1745C;
			productRefGroup = BE7D697521E3D74300C1745C /* Products */;
			projectDirPath = "";
			projectRoot = "";
			targets = (
				BE7D697321E3D74300C1745C /* Shot Tracker */,
				BE7D698721E3D74500C1745C /* Shot TrackerTests */,
				BE7D699221E3D74500C1745C /* Shot TrackerUITests */,
			);
		};
/* End PBXProject section */

/* Begin PBXResourcesBuildPhase section */
		BE7D697221E3D74300C1745C /* Resources */ = {
			isa = PBXResourcesBuildPhase;
			buildActionMask = 2147483647;
			files = (
				BE27918122E6790300CE40EC /* goal_gif.gif in Resources */,
				BE059DBE22EF453000AEC3C4 /* old_stats_marker_details_gif.gif in Resources */,
				BE27918722E6791200CE40EC /* faceoff_gif.gif in Resources */,
				BE059DBA22EF452400AEC3C4 /* old_stats_analytical_view_gif.gif in Resources */,
				BE7D698221E3D74500C1745C /* LaunchScreen.storyboard in Resources */,
				BED34AE8228863B200791B95 /* GoogleService-Info.plist in Resources */,
				BE57F26822DB7281001A81F9 /* Localizable.strings in Resources */,
				BE7D697F21E3D74500C1745C /* Assets.xcassets in Resources */,
				BE27918522E6790D00CE40EC /* penalty_gif.gif in Resources */,
				BE059DB822EF451B00AEC3C4 /* new_game_settings_gif.gif in Resources */,
				BE6AD1E522FA4F470052D053 /* Coach_Assistant_Legal.pdf in Resources */,
				BE7A69502307411600905F4C /* Main.storyboard in Resources */,
				BE059DBC22EF452B00AEC3C4 /* old_stats_change_goalie_gif.gif in Resources */,
				BE27918322E6790800CE40EC /* shot_gif.gif in Resources */,
				BEA611152301B9C300161FC2 /* help_guide_iPad.pdf in Resources */,
				BE6AD1E722FA4F560052D053 /* help_guide_iPad.gif in Resources */,
			);
			runOnlyForDeploymentPostprocessing = 0;
		};
		BE7D698621E3D74500C1745C /* Resources */ = {
			isa = PBXResourcesBuildPhase;
			buildActionMask = 2147483647;
			files = (
			);
			runOnlyForDeploymentPostprocessing = 0;
		};
		BE7D699121E3D74500C1745C /* Resources */ = {
			isa = PBXResourcesBuildPhase;
			buildActionMask = 2147483647;
			files = (
			);
			runOnlyForDeploymentPostprocessing = 0;
		};
/* End PBXResourcesBuildPhase section */

/* Begin PBXShellScriptBuildPhase section */
		66FFDB66CC3F3CED93501689 /* [CP] Embed Pods Frameworks */ = {
			isa = PBXShellScriptBuildPhase;
			buildActionMask = 2147483647;
			files = (
			);
			inputFileListPaths = (
				"${PODS_ROOT}/Target Support Files/Pods-Shot Tracker/Pods-Shot Tracker-frameworks-${CONFIGURATION}-input-files.xcfilelist",
			);
			name = "[CP] Embed Pods Frameworks";
			outputFileListPaths = (
				"${PODS_ROOT}/Target Support Files/Pods-Shot Tracker/Pods-Shot Tracker-frameworks-${CONFIGURATION}-output-files.xcfilelist",
			);
			runOnlyForDeploymentPostprocessing = 0;
			shellPath = /bin/sh;
			shellScript = "\"${PODS_ROOT}/Target Support Files/Pods-Shot Tracker/Pods-Shot Tracker-frameworks.sh\"\n";
			showEnvVarsInLog = 0;
		};
		6EB4013C638AE9C31A99B4D0 /* [CP] Check Pods Manifest.lock */ = {
			isa = PBXShellScriptBuildPhase;
			buildActionMask = 2147483647;
			files = (
			);
			inputFileListPaths = (
			);
			inputPaths = (
				"${PODS_PODFILE_DIR_PATH}/Podfile.lock",
				"${PODS_ROOT}/Manifest.lock",
			);
			name = "[CP] Check Pods Manifest.lock";
			outputFileListPaths = (
			);
			outputPaths = (
				"$(DERIVED_FILE_DIR)/Pods-Shot Tracker-checkManifestLockResult.txt",
			);
			runOnlyForDeploymentPostprocessing = 0;
			shellPath = /bin/sh;
			shellScript = "diff \"${PODS_PODFILE_DIR_PATH}/Podfile.lock\" \"${PODS_ROOT}/Manifest.lock\" > /dev/null\nif [ $? != 0 ] ; then\n    # print error to STDERR\n    echo \"error: The sandbox is not in sync with the Podfile.lock. Run 'pod install' or update your CocoaPods installation.\" >&2\n    exit 1\nfi\n# This output is used by Xcode 'outputs' to avoid re-running this script phase.\necho \"SUCCESS\" > \"${SCRIPT_OUTPUT_FILE_0}\"\n";
			showEnvVarsInLog = 0;
		};
		BE83904221F650E900D02C0B /* ShellScript */ = {
			isa = PBXShellScriptBuildPhase;
			buildActionMask = 2147483647;
			files = (
			);
			inputFileListPaths = (
			);
			inputPaths = (
			);
			outputFileListPaths = (
			);
			outputPaths = (
			);
			runOnlyForDeploymentPostprocessing = 0;
			shellPath = /bin/sh;
			shellScript = "# Type a script or drag a script file from your workspace to insert its path.\nbash \"${BUILT_PRODUCTS_DIR}/${FRAMEWORKS_FOLDER_PATH}/Realm.framework/strip-frameworks.sh\"\n";
		};
		BEAD9B19230B37400040AFE2 /* ShellScript */ = {
			isa = PBXShellScriptBuildPhase;
			buildActionMask = 2147483647;
			files = (
			);
			inputFileListPaths = (
			);
			inputPaths = (
			);
			outputFileListPaths = (
			);
			outputPaths = (
			);
			runOnlyForDeploymentPostprocessing = 0;
			shellPath = /bin/sh;
			shellScript = "# Type a script or drag a script file from your workspace to insert its path.\n\"${PODS_ROOT}/Fabric/run\"\n";
		};
		C75B5C241B38AE9D7BEA3F09 /* [CP] Check Pods Manifest.lock */ = {
			isa = PBXShellScriptBuildPhase;
			buildActionMask = 2147483647;
			files = (
			);
			inputFileListPaths = (
			);
			inputPaths = (
				"${PODS_PODFILE_DIR_PATH}/Podfile.lock",
				"${PODS_ROOT}/Manifest.lock",
			);
			name = "[CP] Check Pods Manifest.lock";
			outputFileListPaths = (
			);
			outputPaths = (
				"$(DERIVED_FILE_DIR)/Pods-Shot TrackerUITests-checkManifestLockResult.txt",
			);
			runOnlyForDeploymentPostprocessing = 0;
			shellPath = /bin/sh;
			shellScript = "diff \"${PODS_PODFILE_DIR_PATH}/Podfile.lock\" \"${PODS_ROOT}/Manifest.lock\" > /dev/null\nif [ $? != 0 ] ; then\n    # print error to STDERR\n    echo \"error: The sandbox is not in sync with the Podfile.lock. Run 'pod install' or update your CocoaPods installation.\" >&2\n    exit 1\nfi\n# This output is used by Xcode 'outputs' to avoid re-running this script phase.\necho \"SUCCESS\" > \"${SCRIPT_OUTPUT_FILE_0}\"\n";
			showEnvVarsInLog = 0;
		};
		CCBC1C8C57F3465F9FDC3609 /* [CP] Check Pods Manifest.lock */ = {
			isa = PBXShellScriptBuildPhase;
			buildActionMask = 2147483647;
			files = (
			);
			inputFileListPaths = (
			);
			inputPaths = (
				"${PODS_PODFILE_DIR_PATH}/Podfile.lock",
				"${PODS_ROOT}/Manifest.lock",
			);
			name = "[CP] Check Pods Manifest.lock";
			outputFileListPaths = (
			);
			outputPaths = (
				"$(DERIVED_FILE_DIR)/Pods-Shot TrackerTests-checkManifestLockResult.txt",
			);
			runOnlyForDeploymentPostprocessing = 0;
			shellPath = /bin/sh;
			shellScript = "diff \"${PODS_PODFILE_DIR_PATH}/Podfile.lock\" \"${PODS_ROOT}/Manifest.lock\" > /dev/null\nif [ $? != 0 ] ; then\n    # print error to STDERR\n    echo \"error: The sandbox is not in sync with the Podfile.lock. Run 'pod install' or update your CocoaPods installation.\" >&2\n    exit 1\nfi\n# This output is used by Xcode 'outputs' to avoid re-running this script phase.\necho \"SUCCESS\" > \"${SCRIPT_OUTPUT_FILE_0}\"\n";
			showEnvVarsInLog = 0;
		};
/* End PBXShellScriptBuildPhase section */

/* Begin PBXSourcesBuildPhase section */
		BE7D697021E3D74300C1745C /* Sources */ = {
			isa = PBXSourcesBuildPhase;
			buildActionMask = 2147483647;
			files = (
				BE1F4D302278E26C00D8B4F3 /* Main_Game_Stats_View_Controller.swift in Sources */,
				BE235BDC22E3798C002BFDC2 /* New Game Tutorial Goal View Controller.swift in Sources */,
				BE6163F422EB3EAD00C61BA8 /* Penalty Info View Controller.swift in Sources */,
				BEB71900220A192B00DA6399 /* Basic_Current_Stats_Page.swift in Sources */,
				BEA08C952215F00A00B6D73B /* Add_Team_Page.swift in Sources */,
				BE669DC7226E5AC100E2C5E7 /* Initial_Setup_FInish_Page_ViewController.swift in Sources */,
				BEBB0676227215BD001DDD61 /* Initial_Setup_More_Info_View_Controller.swift in Sources */,
				BE9016B622469E45006ECE5B /* Default Team Selection View.swift in Sources */,
				BE341F2322BB16D200F8D2A3 /* Faceoff View Controller.swift in Sources */,
				BEBCC1B623105D5E00AEAE71 /* New Game Table.swift in Sources */,
				BE0C7B74220156530018E434 /* Edit_Team_Info_Page.swift in Sources */,
				BEAD9B1E230B41810040AFE2 /* LockerRoom View Controller.swift in Sources */,
				BEAD9B26230B59A20040AFE2 /* Locker Room UIPageController.swift in Sources */,
				BE73191121FA8B81004A3BC5 /* Shot_Location_View.swift in Sources */,
				BE78E82A22375CEA00B339AE /* Current_Stats_Ananlytical_View:.swift in Sources */,
				BE669DC5226E53EA00E2C5E7 /* Initial_Setup_Page_Controller.swift in Sources */,
				BEAD9B22230B59540040AFE2 /* Locker Room Old Stats View Controller.swift in Sources */,
				BEBCC1B823105D8800AEAE71 /* Faceoff Info Table.swift in Sources */,
				BE90D25C223C2FEA00228621 /* Old Stats Type Pop Up.swift in Sources */,
				BEA08C972215F05200B6D73B /* Add_Player_Page.swift in Sources */,
				BECF547C2288F08400710519 /* Help_Guide_View_Controller.swift in Sources */,
				BE1F4D322278E42300D8B4F3 /* Detailed_Current_Stats_View_Controller.swift in Sources */,
				BEBCC1BC23105DBC00AEAE71 /* Overall Stats Table.swift in Sources */,
				BE669DCB226F842A00E2C5E7 /* Initial_Setup_Player_Add_View Controller.swift in Sources */,
				BE1F4D2E2278D96F00D8B4F3 /* customCurrentStatsCell.swift in Sources */,
				BED5479222E89FF4002AA13B /* Main Old Stats Ice Tutorial.swift in Sources */,
				BE6F1E142274B44000673062 /* Settings_About_View_Controller.swift in Sources */,
				BEDFCDF723102CCE00FA21AC /* Settings Navigation Controller.swift in Sources */,
				BEBCC1C423105E2D00AEAE71 /* Shot Marker Table.swift in Sources */,
				BE0C7B762201576B0018E434 /* Team_Selection_View.swift in Sources */,
				BE52370E226A5CFB009D9254 /* Settings_Backup View Controller.swift in Sources */,
				BEE1898D230F5EDA009EC263 /* Settings Defaults Team Defaults.swift in Sources */,
				BED5479622E8A0E3002AA13B /* Old Stats Ice Turoial View Analytical View Controller.swift in Sources */,
				BE235BE022E379AE002BFDC2 /* New Game Tutorial Faceoff View Controller.swift in Sources */,
				BED5479822E8A0FC002AA13B /* Old Stats Ice Turoial Marker Stats View Controller.swift in Sources */,
				BEBCC1C623105E4400AEAE71 /* Team Info Table.swift in Sources */,
				BE8FB54422037BF8008BD343 /* Old_Stats_View.swift in Sources */,
				BE669DC9226E6B3F00E2C5E7 /* Initial_Setup_Team_Add_View_Controller.swift in Sources */,
				BE13E29022737E41005782A5 /* customOverallStatsCell.swift in Sources */,
				BEDC7A01230E046200ADECD5 /* Settings Apperance View Controller.swift in Sources */,
				BE0C1F9A22886DFD000C2177 /* Settings_Subscriptions_View_Controller.swift in Sources */,
				BED5478F22E89C8B002AA13B /* New Game Tutorial Menu Options View Controller.swift in Sources */,
				BE235BDE22E3799C002BFDC2 /* New Game Tutorial Penalty View Controller.swift in Sources */,
				BECD070922EF9200004A808D /* customTeamStatsCell.swift in Sources */,
				BE96E4BB2232E1D9000C0684 /* Import Pop Up View.swift in Sources */,
				BE92E0212274E1AB00B95209 /* Penalty_Popup_View_Controller.swift in Sources */,
				BE4E8E70226CEDC20046D710 /* Settings_Legal_View Controller.swift in Sources */,
				BE523710226A75DF009D9254 /* Settings_Defaults View Controller.swift in Sources */,
				BE7D697A21E3D74300C1745C /* Home_Page_View_Controller.swift in Sources */,
				BEE5D49E231041390011FE70 /* Main_New_Game_Tutorial_ViewController.swift in Sources */,
				BE12DE62228744B80071BC17 /* customSettingCell.swift in Sources */,
				BEA1CE3D2243F46200DA8EEE /* Old Stats Goalie Selection View.swift in Sources */,
				BE5584BE21E7AB8700C44D42 /* New_Game_Page.swift in Sources */,
				BEDA530E21F14023002FAC32 /* Marker_Info_Page.swift in Sources */,
				BEBCC1BA23105D9E00AEAE71 /* Goal Marker Table.swift in Sources */,
				BEB3E53D22B4746F00AC7035 /* In Game Settings ViewController.swift in Sources */,
				BEE5D49C2310410C0011FE70 /* New_Game_Tutorial_Shot_View_Controller.swift in Sources */,
				BEE5D498231039E30011FE70 /* Player About Popup View Controller.swift in Sources */,
				BEE5D496231039C70011FE70 /* Team About Popup View Controller.swift in Sources */,
				BEE1898F230F5EEF009EC263 /* Settings Defaults Penalty Defaults.swift in Sources */,
				BE7D697821E3D74300C1745C /* AppDelegate.swift in Sources */,
				BEBCC1C223105E1900AEAE71 /* Player Info Table.swift in Sources */,
				BEBCC1C023105DF600AEAE71 /* Penalty Table.swift in Sources */,
				BED5479422E8A0BF002AA13B /* Old Stats Ice Turoial Change Golaie View Controller.swift in Sources */,
				BEAD9B20230B59380040AFE2 /* Player Stats View Controller.swift in Sources */,
				BEB7CBD4221F1F60001D5A81 /* New Game Basic Info Page.swift in Sources */,
				BE90D25E223C300300228621 /* Overall Player Stats View.swift in Sources */,
				BE52370C226A5BB8009D9254 /* Main Settings Page View Controller.swift in Sources */,
				BE8F88B6227747260087ED88 /* varReference.swift in Sources */,
				BE913A482233740500080081 /* Old Game Ice View.swift in Sources */,
			);
			runOnlyForDeploymentPostprocessing = 0;
		};
		BE7D698421E3D74500C1745C /* Sources */ = {
			isa = PBXSourcesBuildPhase;
			buildActionMask = 2147483647;
			files = (
				BE7D698D21E3D74500C1745C /* Shot_TrackerTests.swift in Sources */,
			);
			runOnlyForDeploymentPostprocessing = 0;
		};
		BE7D698F21E3D74500C1745C /* Sources */ = {
			isa = PBXSourcesBuildPhase;
			buildActionMask = 2147483647;
			files = (
				BE7D699821E3D74500C1745C /* Shot_TrackerUITests.swift in Sources */,
			);
			runOnlyForDeploymentPostprocessing = 0;
		};
/* End PBXSourcesBuildPhase section */

/* Begin PBXTargetDependency section */
		BE7D698A21E3D74500C1745C /* PBXTargetDependency */ = {
			isa = PBXTargetDependency;
			target = BE7D697321E3D74300C1745C /* Shot Tracker */;
			targetProxy = BE7D698921E3D74500C1745C /* PBXContainerItemProxy */;
		};
		BE7D699521E3D74500C1745C /* PBXTargetDependency */ = {
			isa = PBXTargetDependency;
			target = BE7D697321E3D74300C1745C /* Shot Tracker */;
			targetProxy = BE7D699421E3D74500C1745C /* PBXContainerItemProxy */;
		};
/* End PBXTargetDependency section */

/* Begin PBXVariantGroup section */
		BE57F26A22DB7281001A81F9 /* Localizable.strings */ = {
			isa = PBXVariantGroup;
			children = (
				BE57F26922DB7281001A81F9 /* en */,
				BE0FE5FC22F1DAAF006F4B39 /* fr-CA */,
			);
			name = Localizable.strings;
			sourceTree = "<group>";
		};
		BE7D698021E3D74500C1745C /* LaunchScreen.storyboard */ = {
			isa = PBXVariantGroup;
			children = (
				BE7D698121E3D74500C1745C /* Base */,
				BE57F26222DB721B001A81F9 /* en */,
				BE0FE5FB22F1DAAE006F4B39 /* fr-CA */,
			);
			name = LaunchScreen.storyboard;
			sourceTree = "<group>";
		};
/* End PBXVariantGroup section */

/* Begin XCBuildConfiguration section */
		BE7D699A21E3D74500C1745C /* Debug */ = {
			isa = XCBuildConfiguration;
			buildSettings = {
				ALWAYS_SEARCH_USER_PATHS = NO;
				CLANG_ANALYZER_LOCALIZABILITY_NONLOCALIZED = YES;
				CLANG_ANALYZER_NONNULL = YES;
				CLANG_ANALYZER_NUMBER_OBJECT_CONVERSION = YES_AGGRESSIVE;
				CLANG_CXX_LANGUAGE_STANDARD = "gnu++14";
				CLANG_CXX_LIBRARY = "libc++";
				CLANG_ENABLE_MODULES = YES;
				CLANG_ENABLE_OBJC_ARC = YES;
				CLANG_ENABLE_OBJC_WEAK = YES;
				CLANG_WARN_BLOCK_CAPTURE_AUTORELEASING = YES;
				CLANG_WARN_BOOL_CONVERSION = YES;
				CLANG_WARN_COMMA = YES;
				CLANG_WARN_CONSTANT_CONVERSION = YES;
				CLANG_WARN_DEPRECATED_OBJC_IMPLEMENTATIONS = YES;
				CLANG_WARN_DIRECT_OBJC_ISA_USAGE = YES_ERROR;
				CLANG_WARN_DOCUMENTATION_COMMENTS = YES;
				CLANG_WARN_EMPTY_BODY = YES;
				CLANG_WARN_ENUM_CONVERSION = YES;
				CLANG_WARN_INFINITE_RECURSION = YES;
				CLANG_WARN_INT_CONVERSION = YES;
				CLANG_WARN_NON_LITERAL_NULL_CONVERSION = YES;
				CLANG_WARN_OBJC_IMPLICIT_RETAIN_SELF = YES;
				CLANG_WARN_OBJC_LITERAL_CONVERSION = YES;
				CLANG_WARN_OBJC_ROOT_CLASS = YES_ERROR;
				CLANG_WARN_RANGE_LOOP_ANALYSIS = YES;
				CLANG_WARN_STRICT_PROTOTYPES = YES;
				CLANG_WARN_SUSPICIOUS_MOVE = YES;
				CLANG_WARN_UNGUARDED_AVAILABILITY = YES_AGGRESSIVE;
				CLANG_WARN_UNREACHABLE_CODE = YES;
				CLANG_WARN__DUPLICATE_METHOD_MATCH = YES;
				CODE_SIGN_IDENTITY = "iPhone Developer";
				COPY_PHASE_STRIP = NO;
				DEBUG_INFORMATION_FORMAT = dwarf;
				ENABLE_STRICT_OBJC_MSGSEND = YES;
				ENABLE_TESTABILITY = YES;
				GCC_C_LANGUAGE_STANDARD = gnu11;
				GCC_DYNAMIC_NO_PIC = NO;
				GCC_NO_COMMON_BLOCKS = YES;
				GCC_OPTIMIZATION_LEVEL = 0;
				GCC_PREPROCESSOR_DEFINITIONS = (
					"DEBUG=1",
					"$(inherited)",
				);
				GCC_WARN_64_TO_32_BIT_CONVERSION = YES;
				GCC_WARN_ABOUT_RETURN_TYPE = YES_ERROR;
				GCC_WARN_UNDECLARED_SELECTOR = YES;
				GCC_WARN_UNINITIALIZED_AUTOS = YES_AGGRESSIVE;
				GCC_WARN_UNUSED_FUNCTION = YES;
				GCC_WARN_UNUSED_VARIABLE = YES;
				IPHONEOS_DEPLOYMENT_TARGET = 11.0;
				MTL_ENABLE_DEBUG_INFO = INCLUDE_SOURCE;
				MTL_FAST_MATH = YES;
				ONLY_ACTIVE_ARCH = YES;
				SDKROOT = iphoneos;
				SWIFT_ACTIVE_COMPILATION_CONDITIONS = DEBUG;
				SWIFT_OPTIMIZATION_LEVEL = "-Onone";
			};
			name = Debug;
		};
		BE7D699B21E3D74500C1745C /* Release */ = {
			isa = XCBuildConfiguration;
			buildSettings = {
				ALWAYS_SEARCH_USER_PATHS = NO;
				CLANG_ANALYZER_LOCALIZABILITY_NONLOCALIZED = YES;
				CLANG_ANALYZER_NONNULL = YES;
				CLANG_ANALYZER_NUMBER_OBJECT_CONVERSION = YES_AGGRESSIVE;
				CLANG_CXX_LANGUAGE_STANDARD = "gnu++14";
				CLANG_CXX_LIBRARY = "libc++";
				CLANG_ENABLE_MODULES = YES;
				CLANG_ENABLE_OBJC_ARC = YES;
				CLANG_ENABLE_OBJC_WEAK = YES;
				CLANG_WARN_BLOCK_CAPTURE_AUTORELEASING = YES;
				CLANG_WARN_BOOL_CONVERSION = YES;
				CLANG_WARN_COMMA = YES;
				CLANG_WARN_CONSTANT_CONVERSION = YES;
				CLANG_WARN_DEPRECATED_OBJC_IMPLEMENTATIONS = YES;
				CLANG_WARN_DIRECT_OBJC_ISA_USAGE = YES_ERROR;
				CLANG_WARN_DOCUMENTATION_COMMENTS = YES;
				CLANG_WARN_EMPTY_BODY = YES;
				CLANG_WARN_ENUM_CONVERSION = YES;
				CLANG_WARN_INFINITE_RECURSION = YES;
				CLANG_WARN_INT_CONVERSION = YES;
				CLANG_WARN_NON_LITERAL_NULL_CONVERSION = YES;
				CLANG_WARN_OBJC_IMPLICIT_RETAIN_SELF = YES;
				CLANG_WARN_OBJC_LITERAL_CONVERSION = YES;
				CLANG_WARN_OBJC_ROOT_CLASS = YES_ERROR;
				CLANG_WARN_RANGE_LOOP_ANALYSIS = YES;
				CLANG_WARN_STRICT_PROTOTYPES = YES;
				CLANG_WARN_SUSPICIOUS_MOVE = YES;
				CLANG_WARN_UNGUARDED_AVAILABILITY = YES_AGGRESSIVE;
				CLANG_WARN_UNREACHABLE_CODE = YES;
				CLANG_WARN__DUPLICATE_METHOD_MATCH = YES;
				CODE_SIGN_IDENTITY = "iPhone Developer";
				COPY_PHASE_STRIP = NO;
				DEBUG_INFORMATION_FORMAT = "dwarf-with-dsym";
				ENABLE_NS_ASSERTIONS = NO;
				ENABLE_STRICT_OBJC_MSGSEND = YES;
				GCC_C_LANGUAGE_STANDARD = gnu11;
				GCC_NO_COMMON_BLOCKS = YES;
				GCC_WARN_64_TO_32_BIT_CONVERSION = YES;
				GCC_WARN_ABOUT_RETURN_TYPE = YES_ERROR;
				GCC_WARN_UNDECLARED_SELECTOR = YES;
				GCC_WARN_UNINITIALIZED_AUTOS = YES_AGGRESSIVE;
				GCC_WARN_UNUSED_FUNCTION = YES;
				GCC_WARN_UNUSED_VARIABLE = YES;
				IPHONEOS_DEPLOYMENT_TARGET = 11.0;
				MTL_ENABLE_DEBUG_INFO = NO;
				MTL_FAST_MATH = YES;
				SDKROOT = iphoneos;
				SWIFT_COMPILATION_MODE = wholemodule;
				SWIFT_OPTIMIZATION_LEVEL = "-O";
				VALIDATE_PRODUCT = YES;
			};
			name = Release;
		};
		BE7D699D21E3D74500C1745C /* Debug */ = {
			isa = XCBuildConfiguration;
			baseConfigurationReference = C8567FABF079141DA35EAF50 /* Pods-Shot Tracker.debug.xcconfig */;
			buildSettings = {
				ASSETCATALOG_COMPILER_APPICON_NAME = AppIcon;
				CLANG_ENABLE_MODULES = YES;
				CODE_SIGN_ENTITLEMENTS = "Shot Tracker/Shot Tracker.entitlements";
				CODE_SIGN_IDENTITY = "iPhone Developer";
				CODE_SIGN_STYLE = Automatic;
				DEVELOPMENT_TEAM = GCRT29DPHF;
				FRAMEWORK_SEARCH_PATHS = (
					"$(inherited)",
					"$(PROJECT_DIR)",
				);
				INFOPLIST_FILE = "Shot Tracker/Info.plist";
				IPHONEOS_DEPLOYMENT_TARGET = 11.0;
				LD_RUNPATH_SEARCH_PATHS = (
					"$(inherited)",
					"@executable_path/Frameworks",
				);
				PRODUCT_BUNDLE_IDENTIFIER = "Shot-Marker-Pro";
				PRODUCT_NAME = "$(TARGET_NAME)";
				PROVISIONING_PROFILE_SPECIFIER = "";
				SWIFT_OBJC_BRIDGING_HEADER = "Shot Tracker/Shot Tracker-Bridging-Header.h";
				SWIFT_OPTIMIZATION_LEVEL = "-Onone";
				SWIFT_VERSION = 5.0;
				TARGETED_DEVICE_FAMILY = 2;
			};
			name = Debug;
		};
		BE7D699E21E3D74500C1745C /* Release */ = {
			isa = XCBuildConfiguration;
			baseConfigurationReference = 786A436AB6DFB0DEE5F53E82 /* Pods-Shot Tracker.release.xcconfig */;
			buildSettings = {
				ASSETCATALOG_COMPILER_APPICON_NAME = AppIcon;
				CLANG_ENABLE_MODULES = YES;
				CODE_SIGN_ENTITLEMENTS = "Shot Tracker/Shot Tracker.entitlements";
				CODE_SIGN_IDENTITY = "iPhone Developer";
				CODE_SIGN_STYLE = Automatic;
				DEVELOPMENT_TEAM = GCRT29DPHF;
				FRAMEWORK_SEARCH_PATHS = (
					"$(inherited)",
					"$(PROJECT_DIR)",
				);
				INFOPLIST_FILE = "Shot Tracker/Info.plist";
				IPHONEOS_DEPLOYMENT_TARGET = 11.0;
				LD_RUNPATH_SEARCH_PATHS = (
					"$(inherited)",
					"@executable_path/Frameworks",
				);
				PRODUCT_BUNDLE_IDENTIFIER = "Shot-Marker-Pro";
				PRODUCT_NAME = "$(TARGET_NAME)";
				PROVISIONING_PROFILE_SPECIFIER = "";
				SWIFT_OBJC_BRIDGING_HEADER = "Shot Tracker/Shot Tracker-Bridging-Header.h";
				SWIFT_VERSION = 5.0;
				TARGETED_DEVICE_FAMILY = 2;
			};
			name = Release;
		};
		BE7D69A021E3D74500C1745C /* Debug */ = {
			isa = XCBuildConfiguration;
			baseConfigurationReference = 1E7E60591E00F4DC7D342863 /* Pods-Shot TrackerTests.debug.xcconfig */;
			buildSettings = {
				ALWAYS_EMBED_SWIFT_STANDARD_LIBRARIES = YES;
				BUNDLE_LOADER = "$(TEST_HOST)";
				CODE_SIGN_STYLE = Automatic;
				INFOPLIST_FILE = "Shot TrackerTests/Info.plist";
				LD_RUNPATH_SEARCH_PATHS = (
					"$(inherited)",
					"@executable_path/Frameworks",
					"@loader_path/Frameworks",
				);
				PRODUCT_BUNDLE_IDENTIFIER = "greg.Shot-TrackerTests";
				PRODUCT_NAME = "$(TARGET_NAME)";
				SWIFT_VERSION = 5.0;
				TARGETED_DEVICE_FAMILY = "1,2";
				TEST_HOST = "$(BUILT_PRODUCTS_DIR)/Shot Tracker.app/Shot Tracker";
			};
			name = Debug;
		};
		BE7D69A121E3D74500C1745C /* Release */ = {
			isa = XCBuildConfiguration;
			baseConfigurationReference = 04CB533F1790B105A354C9FD /* Pods-Shot TrackerTests.release.xcconfig */;
			buildSettings = {
				ALWAYS_EMBED_SWIFT_STANDARD_LIBRARIES = YES;
				BUNDLE_LOADER = "$(TEST_HOST)";
				CODE_SIGN_STYLE = Automatic;
				INFOPLIST_FILE = "Shot TrackerTests/Info.plist";
				LD_RUNPATH_SEARCH_PATHS = (
					"$(inherited)",
					"@executable_path/Frameworks",
					"@loader_path/Frameworks",
				);
				PRODUCT_BUNDLE_IDENTIFIER = "greg.Shot-TrackerTests";
				PRODUCT_NAME = "$(TARGET_NAME)";
				SWIFT_VERSION = 5.0;
				TARGETED_DEVICE_FAMILY = "1,2";
				TEST_HOST = "$(BUILT_PRODUCTS_DIR)/Shot Tracker.app/Shot Tracker";
			};
			name = Release;
		};
		BE7D69A321E3D74500C1745C /* Debug */ = {
			isa = XCBuildConfiguration;
			baseConfigurationReference = 6C62CACC7EDB869EB39B9819 /* Pods-Shot TrackerUITests.debug.xcconfig */;
			buildSettings = {
				ALWAYS_EMBED_SWIFT_STANDARD_LIBRARIES = YES;
				CODE_SIGN_STYLE = Automatic;
				INFOPLIST_FILE = "Shot TrackerUITests/Info.plist";
				LD_RUNPATH_SEARCH_PATHS = (
					"$(inherited)",
					"@executable_path/Frameworks",
					"@loader_path/Frameworks",
				);
				PRODUCT_BUNDLE_IDENTIFIER = "greg.Shot-TrackerUITests";
				PRODUCT_NAME = "$(TARGET_NAME)";
				SWIFT_VERSION = 5.0;
				TARGETED_DEVICE_FAMILY = "1,2";
				TEST_TARGET_NAME = "Shot Tracker";
			};
			name = Debug;
		};
		BE7D69A421E3D74500C1745C /* Release */ = {
			isa = XCBuildConfiguration;
			baseConfigurationReference = B66ACACA2323B38B3C25CBEE /* Pods-Shot TrackerUITests.release.xcconfig */;
			buildSettings = {
				ALWAYS_EMBED_SWIFT_STANDARD_LIBRARIES = YES;
				CODE_SIGN_STYLE = Automatic;
				INFOPLIST_FILE = "Shot TrackerUITests/Info.plist";
				LD_RUNPATH_SEARCH_PATHS = (
					"$(inherited)",
					"@executable_path/Frameworks",
					"@loader_path/Frameworks",
				);
				PRODUCT_BUNDLE_IDENTIFIER = "greg.Shot-TrackerUITests";
				PRODUCT_NAME = "$(TARGET_NAME)";
				SWIFT_VERSION = 5.0;
				TARGETED_DEVICE_FAMILY = "1,2";
				TEST_TARGET_NAME = "Shot Tracker";
			};
			name = Release;
		};
/* End XCBuildConfiguration section */

/* Begin XCConfigurationList section */
		BE7D696F21E3D74300C1745C /* Build configuration list for PBXProject "Shot Tracker" */ = {
			isa = XCConfigurationList;
			buildConfigurations = (
				BE7D699A21E3D74500C1745C /* Debug */,
				BE7D699B21E3D74500C1745C /* Release */,
			);
			defaultConfigurationIsVisible = 0;
			defaultConfigurationName = Release;
		};
		BE7D699C21E3D74500C1745C /* Build configuration list for PBXNativeTarget "Shot Tracker" */ = {
			isa = XCConfigurationList;
			buildConfigurations = (
				BE7D699D21E3D74500C1745C /* Debug */,
				BE7D699E21E3D74500C1745C /* Release */,
			);
			defaultConfigurationIsVisible = 0;
			defaultConfigurationName = Release;
		};
		BE7D699F21E3D74500C1745C /* Build configuration list for PBXNativeTarget "Shot TrackerTests" */ = {
			isa = XCConfigurationList;
			buildConfigurations = (
				BE7D69A021E3D74500C1745C /* Debug */,
				BE7D69A121E3D74500C1745C /* Release */,
			);
			defaultConfigurationIsVisible = 0;
			defaultConfigurationName = Release;
		};
		BE7D69A221E3D74500C1745C /* Build configuration list for PBXNativeTarget "Shot TrackerUITests" */ = {
			isa = XCConfigurationList;
			buildConfigurations = (
				BE7D69A321E3D74500C1745C /* Debug */,
				BE7D69A421E3D74500C1745C /* Release */,
			);
			defaultConfigurationIsVisible = 0;
			defaultConfigurationName = Release;
		};
/* End XCConfigurationList section */
	};
	rootObject = BE7D696C21E3D74300C1745C /* Project object */;
}
